
Microsoft Visual Studio Solution File, Format Version 12.00
Project("{2150E333-8FDC-42A3-9474-1A3956D46DE8}") = "src", "src", "{827E0CD3-B72D-47B6-A68D-7590B98EB39B}"
EndProject
Project("{2150E333-8FDC-42A3-9474-1A3956D46DE8}") = "Services", "Services", "{984BB9B3-3FA3-BE33-9484-CAC21695A33C}"
EndProject
Project("{2150E333-8FDC-42A3-9474-1A3956D46DE8}") = "Catalog", "Catalog", "{C91C1CF1-1625-0789-F869-53D87D6277BA}"
EndProject
Project("{FAE04EC0-301F-11D3-BF4B-00C04F79EFBC}") = "Catalog.API", "src\Services\Catalog\Catalog.API\Catalog.API.csproj", "{FD602E15-8175-4721-8F14-5973452DF2C0}"
EndProject
Project("{FAE04EC0-301F-11D3-BF4B-00C04F79EFBC}") = "Catalog.Domain", "src\Services\Catalog\Catalog.Domain\Catalog.Domain.csproj", "{EC7E1296-66D4-4B9B-824C-365C1DB7CA12}"
EndProject
Project("{FAE04EC0-301F-11D3-BF4B-00C04F79EFBC}") = "Catalog.Application", "src\Services\Catalog\Catalog.Application\Catalog.Application.csproj", "{A407D54E-13B6-42EC-93EE-5BFF9BF5A430}"
EndProject
Project("{FAE04EC0-301F-11D3-BF4B-00C04F79EFBC}") = "Catalog.Infrastructure", "src\Services\Catalog\Catalog.Infrastructure\Catalog.Infrastructure.csproj", "{8064CC77-7B43-42F3-AAF7-23F7D1B72985}"
EndProject
Project("{FAE04EC0-301F-11D3-BF4B-00C04F79EFBC}") = "Catalog.Persistence", "src\Services\Catalog\Catalog.Persistence\Catalog.Persistence.csproj", "{2FBF280B-A89C-428E-BD98-97BB79ECDB26}"
EndProject
Project("{2150E333-8FDC-42A3-9474-1A3956D46DE8}") = "Inventory", "Inventory", "{CA15E31E-CB60-F235-5CDF-2E527A86A72C}"
EndProject
Project("{FAE04EC0-301F-11D3-BF4B-00C04F79EFBC}") = "Inventory.API", "src\Services\Inventory\Inventory.API\Inventory.API.csproj", "{AD24E8AB-9456-4FE5-8D8C-708A529B6AE5}"
EndProject
Project("{FAE04EC0-301F-11D3-BF4B-00C04F79EFBC}") = "Inventory.Application", "src\Services\Inventory\Inventory.Application\Inventory.Application.csproj", "{1613B322-E46B-44EC-8A35-9B71E5AA5F83}"
EndProject
Project("{FAE04EC0-301F-11D3-BF4B-00C04F79EFBC}") = "Inventory.Domain", "src\Services\Inventory\Inventory.Domain\Inventory.Domain.csproj", "{6DAC89FD-825A-4A33-B21E-BD5563ADB3CB}"
EndProject
Project("{FAE04EC0-301F-11D3-BF4B-00C04F79EFBC}") = "Inventory.Infrastructure", "src\Services\Inventory\Inventory.Infrastructure\Inventory.Infrastructure.csproj", "{CED1D7FE-3F1C-4B5E-B876-AB86C7CCF9AC}"
EndProject
Project("{FAE04EC0-301F-11D3-BF4B-00C04F79EFBC}") = "Inventory.Persistence", "src\Services\Inventory\Inventory.Persistence\Inventory.Persistence.csproj", "{BAF76622-C115-4855-B7EB-F2F64A38CD2B}"
EndProject
Project("{2150E333-8FDC-42A3-9474-1A3956D46DE8}") = "Order", "Order", "{B851199A-4979-E597-3D50-97AC5992BBAF}"
EndProject
Project("{FAE04EC0-301F-11D3-BF4B-00C04F79EFBC}") = "Order.API", "src\Services\Order\Order.API\Order.API.csproj", "{F351BCF5-D410-46BE-A388-55ED3E7A316B}"
EndProject
Project("{FAE04EC0-301F-11D3-BF4B-00C04F79EFBC}") = "Order.Application", "src\Services\Order\Order.Application\Order.Application.csproj", "{12BCE3B3-8E00-4E61-A7D3-D8BF4AE053C4}"
EndProject
Project("{FAE04EC0-301F-11D3-BF4B-00C04F79EFBC}") = "Order.Domain", "src\Services\Order\Order.Domain\Order.Domain.csproj", "{A4F569C7-A243-46F7-AF29-79A1DF97B4FB}"
EndProject
Project("{FAE04EC0-301F-11D3-BF4B-00C04F79EFBC}") = "Order.Infrastructure", "src\Services\Order\Order.Infrastructure\Order.Infrastructure.csproj", "{CDE1DD67-5939-4C31-B33D-0C9F048C7A97}"
EndProject
Project("{FAE04EC0-301F-11D3-BF4B-00C04F79EFBC}") = "Order.Persistence", "src\Services\Order\Order.Persistence\Order.Persistence.csproj", "{57E8771D-A3BC-4544-9BFD-9E4747676FA8}"
EndProject
Project("{2150E333-8FDC-42A3-9474-1A3956D46DE8}") = "Notification", "Notification", "{AA9EE0C7-4E1A-44BC-243C-C4E356DC2F3C}"
EndProject
Project("{FAE04EC0-301F-11D3-BF4B-00C04F79EFBC}") = "Notification.API", "src\Services\Notification\Notification.API\Notification.API.csproj", "{438B73DB-DB18-46B7-BC86-96B387BF0B02}"
EndProject
Project("{FAE04EC0-301F-11D3-BF4B-00C04F79EFBC}") = "Notification.Application", "src\Services\Notification\Notification.Application\Notification.Application.csproj", "{EB60BFB4-8B72-4D59-94AB-CC5E09633C38}"
EndProject
Project("{FAE04EC0-301F-11D3-BF4B-00C04F79EFBC}") = "Notification.Domain", "src\Services\Notification\Notification.Domain\Notification.Domain.csproj", "{4F7FDE1D-8A42-4F0F-83CC-A73857E47A56}"
EndProject
Project("{FAE04EC0-301F-11D3-BF4B-00C04F79EFBC}") = "Notification.Infrastructure", "src\Services\Notification\Notification.Infrastructure\Notification.Infrastructure.csproj", "{6E593C5E-8FAD-4157-88D6-0ED2B2A1D9FA}"
EndProject
Project("{FAE04EC0-301F-11D3-BF4B-00C04F79EFBC}") = "Notification.Persistence", "src\Services\Notification\Notification.Persistence\Notification.Persistence.csproj", "{9B0098DC-72E4-41D5-A1E6-A4A7A27961D9}"
EndProject
Global
	GlobalSection(SolutionConfigurationPlatforms) = preSolution
		Debug|Any CPU = Debug|Any CPU
		Debug|x64 = Debug|x64
		Debug|x86 = Debug|x86
		Release|Any CPU = Release|Any CPU
		Release|x64 = Release|x64
		Release|x86 = Release|x86
	EndGlobalSection
	GlobalSection(ProjectConfigurationPlatforms) = postSolution
		{FD602E15-8175-4721-8F14-5973452DF2C0}.Debug|Any CPU.ActiveCfg = Debug|Any CPU
		{FD602E15-8175-4721-8F14-5973452DF2C0}.Debug|Any CPU.Build.0 = Debug|Any CPU
		{FD602E15-8175-4721-8F14-5973452DF2C0}.Debug|x64.ActiveCfg = Debug|Any CPU
		{FD602E15-8175-4721-8F14-5973452DF2C0}.Debug|x64.Build.0 = Debug|Any CPU
		{FD602E15-8175-4721-8F14-5973452DF2C0}.Debug|x86.ActiveCfg = Debug|Any CPU
		{FD602E15-8175-4721-8F14-5973452DF2C0}.Debug|x86.Build.0 = Debug|Any CPU
		{FD602E15-8175-4721-8F14-5973452DF2C0}.Release|Any CPU.ActiveCfg = Release|Any CPU
		{FD602E15-8175-4721-8F14-5973452DF2C0}.Release|Any CPU.Build.0 = Release|Any CPU
		{FD602E15-8175-4721-8F14-5973452DF2C0}.Release|x64.ActiveCfg = Release|Any CPU
		{FD602E15-8175-4721-8F14-5973452DF2C0}.Release|x64.Build.0 = Release|Any CPU
		{FD602E15-8175-4721-8F14-5973452DF2C0}.Release|x86.ActiveCfg = Release|Any CPU
		{FD602E15-8175-4721-8F14-5973452DF2C0}.Release|x86.Build.0 = Release|Any CPU
		{EC7E1296-66D4-4B9B-824C-365C1DB7CA12}.Debug|Any CPU.ActiveCfg = Debug|Any CPU
		{EC7E1296-66D4-4B9B-824C-365C1DB7CA12}.Debug|Any CPU.Build.0 = Debug|Any CPU
		{EC7E1296-66D4-4B9B-824C-365C1DB7CA12}.Debug|x64.ActiveCfg = Debug|Any CPU
		{EC7E1296-66D4-4B9B-824C-365C1DB7CA12}.Debug|x64.Build.0 = Debug|Any CPU
		{EC7E1296-66D4-4B9B-824C-365C1DB7CA12}.Debug|x86.ActiveCfg = Debug|Any CPU
		{EC7E1296-66D4-4B9B-824C-365C1DB7CA12}.Debug|x86.Build.0 = Debug|Any CPU
		{EC7E1296-66D4-4B9B-824C-365C1DB7CA12}.Release|Any CPU.ActiveCfg = Release|Any CPU
		{EC7E1296-66D4-4B9B-824C-365C1DB7CA12}.Release|Any CPU.Build.0 = Release|Any CPU
		{EC7E1296-66D4-4B9B-824C-365C1DB7CA12}.Release|x64.ActiveCfg = Release|Any CPU
		{EC7E1296-66D4-4B9B-824C-365C1DB7CA12}.Release|x64.Build.0 = Release|Any CPU
		{EC7E1296-66D4-4B9B-824C-365C1DB7CA12}.Release|x86.ActiveCfg = Release|Any CPU
		{EC7E1296-66D4-4B9B-824C-365C1DB7CA12}.Release|x86.Build.0 = Release|Any CPU
		{A407D54E-13B6-42EC-93EE-5BFF9BF5A430}.Debug|Any CPU.ActiveCfg = Debug|Any CPU
		{A407D54E-13B6-42EC-93EE-5BFF9BF5A430}.Debug|Any CPU.Build.0 = Debug|Any CPU
		{A407D54E-13B6-42EC-93EE-5BFF9BF5A430}.Debug|x64.ActiveCfg = Debug|Any CPU
		{A407D54E-13B6-42EC-93EE-5BFF9BF5A430}.Debug|x64.Build.0 = Debug|Any CPU
		{A407D54E-13B6-42EC-93EE-5BFF9BF5A430}.Debug|x86.ActiveCfg = Debug|Any CPU
		{A407D54E-13B6-42EC-93EE-5BFF9BF5A430}.Debug|x86.Build.0 = Debug|Any CPU
		{A407D54E-13B6-42EC-93EE-5BFF9BF5A430}.Release|Any CPU.ActiveCfg = Release|Any CPU
		{A407D54E-13B6-42EC-93EE-5BFF9BF5A430}.Release|Any CPU.Build.0 = Release|Any CPU
		{A407D54E-13B6-42EC-93EE-5BFF9BF5A430}.Release|x64.ActiveCfg = Release|Any CPU
		{A407D54E-13B6-42EC-93EE-5BFF9BF5A430}.Release|x64.Build.0 = Release|Any CPU
		{A407D54E-13B6-42EC-93EE-5BFF9BF5A430}.Release|x86.ActiveCfg = Release|Any CPU
		{A407D54E-13B6-42EC-93EE-5BFF9BF5A430}.Release|x86.Build.0 = Release|Any CPU
		{8064CC77-7B43-42F3-AAF7-23F7D1B72985}.Debug|Any CPU.ActiveCfg = Debug|Any CPU
		{8064CC77-7B43-42F3-AAF7-23F7D1B72985}.Debug|Any CPU.Build.0 = Debug|Any CPU
		{8064CC77-7B43-42F3-AAF7-23F7D1B72985}.Debug|x64.ActiveCfg = Debug|Any CPU
		{8064CC77-7B43-42F3-AAF7-23F7D1B72985}.Debug|x64.Build.0 = Debug|Any CPU
		{8064CC77-7B43-42F3-AAF7-23F7D1B72985}.Debug|x86.ActiveCfg = Debug|Any CPU
		{8064CC77-7B43-42F3-AAF7-23F7D1B72985}.Debug|x86.Build.0 = Debug|Any CPU
		{8064CC77-7B43-42F3-AAF7-23F7D1B72985}.Release|Any CPU.ActiveCfg = Release|Any CPU
		{8064CC77-7B43-42F3-AAF7-23F7D1B72985}.Release|Any CPU.Build.0 = Release|Any CPU
		{8064CC77-7B43-42F3-AAF7-23F7D1B72985}.Release|x64.ActiveCfg = Release|Any CPU
		{8064CC77-7B43-42F3-AAF7-23F7D1B72985}.Release|x64.Build.0 = Release|Any CPU
		{8064CC77-7B43-42F3-AAF7-23F7D1B72985}.Release|x86.ActiveCfg = Release|Any CPU
		{8064CC77-7B43-42F3-AAF7-23F7D1B72985}.Release|x86.Build.0 = Release|Any CPU
		{2FBF280B-A89C-428E-BD98-97BB79ECDB26}.Debug|Any CPU.ActiveCfg = Debug|Any CPU
		{2FBF280B-A89C-428E-BD98-97BB79ECDB26}.Debug|Any CPU.Build.0 = Debug|Any CPU
		{2FBF280B-A89C-428E-BD98-97BB79ECDB26}.Debug|x64.ActiveCfg = Debug|Any CPU
		{2FBF280B-A89C-428E-BD98-97BB79ECDB26}.Debug|x64.Build.0 = Debug|Any CPU
		{2FBF280B-A89C-428E-BD98-97BB79ECDB26}.Debug|x86.ActiveCfg = Debug|Any CPU
		{2FBF280B-A89C-428E-BD98-97BB79ECDB26}.Debug|x86.Build.0 = Debug|Any CPU
		{2FBF280B-A89C-428E-BD98-97BB79ECDB26}.Release|Any CPU.ActiveCfg = Release|Any CPU
		{2FBF280B-A89C-428E-BD98-97BB79ECDB26}.Release|Any CPU.Build.0 = Release|Any CPU
		{2FBF280B-A89C-428E-BD98-97BB79ECDB26}.Release|x64.ActiveCfg = Release|Any CPU
		{2FBF280B-A89C-428E-BD98-97BB79ECDB26}.Release|x64.Build.0 = Release|Any CPU
		{2FBF280B-A89C-428E-BD98-97BB79ECDB26}.Release|x86.ActiveCfg = Release|Any CPU
		{2FBF280B-A89C-428E-BD98-97BB79ECDB26}.Release|x86.Build.0 = Release|Any CPU
		{AD24E8AB-9456-4FE5-8D8C-708A529B6AE5}.Debug|Any CPU.ActiveCfg = Debug|Any CPU
		{AD24E8AB-9456-4FE5-8D8C-708A529B6AE5}.Debug|Any CPU.Build.0 = Debug|Any CPU
		{AD24E8AB-9456-4FE5-8D8C-708A529B6AE5}.Debug|x64.ActiveCfg = Debug|Any CPU
		{AD24E8AB-9456-4FE5-8D8C-708A529B6AE5}.Debug|x64.Build.0 = Debug|Any CPU
		{AD24E8AB-9456-4FE5-8D8C-708A529B6AE5}.Debug|x86.ActiveCfg = Debug|Any CPU
		{AD24E8AB-9456-4FE5-8D8C-708A529B6AE5}.Debug|x86.Build.0 = Debug|Any CPU
		{AD24E8AB-9456-4FE5-8D8C-708A529B6AE5}.Release|Any CPU.ActiveCfg = Release|Any CPU
		{AD24E8AB-9456-4FE5-8D8C-708A529B6AE5}.Release|Any CPU.Build.0 = Release|Any CPU
		{AD24E8AB-9456-4FE5-8D8C-708A529B6AE5}.Release|x64.ActiveCfg = Release|Any CPU
		{AD24E8AB-9456-4FE5-8D8C-708A529B6AE5}.Release|x64.Build.0 = Release|Any CPU
		{AD24E8AB-9456-4FE5-8D8C-708A529B6AE5}.Release|x86.ActiveCfg = Release|Any CPU
		{AD24E8AB-9456-4FE5-8D8C-708A529B6AE5}.Release|x86.Build.0 = Release|Any CPU
		{1613B322-E46B-44EC-8A35-9B71E5AA5F83}.Debug|Any CPU.ActiveCfg = Debug|Any CPU
		{1613B322-E46B-44EC-8A35-9B71E5AA5F83}.Debug|Any CPU.Build.0 = Debug|Any CPU
		{1613B322-E46B-44EC-8A35-9B71E5AA5F83}.Debug|x64.ActiveCfg = Debug|Any CPU
		{1613B322-E46B-44EC-8A35-9B71E5AA5F83}.Debug|x64.Build.0 = Debug|Any CPU
		{1613B322-E46B-44EC-8A35-9B71E5AA5F83}.Debug|x86.ActiveCfg = Debug|Any CPU
		{1613B322-E46B-44EC-8A35-9B71E5AA5F83}.Debug|x86.Build.0 = Debug|Any CPU
		{1613B322-E46B-44EC-8A35-9B71E5AA5F83}.Release|Any CPU.ActiveCfg = Release|Any CPU
		{1613B322-E46B-44EC-8A35-9B71E5AA5F83}.Release|Any CPU.Build.0 = Release|Any CPU
		{1613B322-E46B-44EC-8A35-9B71E5AA5F83}.Release|x64.ActiveCfg = Release|Any CPU
		{1613B322-E46B-44EC-8A35-9B71E5AA5F83}.Release|x64.Build.0 = Release|Any CPU
		{1613B322-E46B-44EC-8A35-9B71E5AA5F83}.Release|x86.ActiveCfg = Release|Any CPU
		{1613B322-E46B-44EC-8A35-9B71E5AA5F83}.Release|x86.Build.0 = Release|Any CPU
		{6DAC89FD-825A-4A33-B21E-BD5563ADB3CB}.Debug|Any CPU.ActiveCfg = Debug|Any CPU
		{6DAC89FD-825A-4A33-B21E-BD5563ADB3CB}.Debug|Any CPU.Build.0 = Debug|Any CPU
		{6DAC89FD-825A-4A33-B21E-BD5563ADB3CB}.Debug|x64.ActiveCfg = Debug|Any CPU
		{6DAC89FD-825A-4A33-B21E-BD5563ADB3CB}.Debug|x64.Build.0 = Debug|Any CPU
		{6DAC89FD-825A-4A33-B21E-BD5563ADB3CB}.Debug|x86.ActiveCfg = Debug|Any CPU
		{6DAC89FD-825A-4A33-B21E-BD5563ADB3CB}.Debug|x86.Build.0 = Debug|Any CPU
		{6DAC89FD-825A-4A33-B21E-BD5563ADB3CB}.Release|Any CPU.ActiveCfg = Release|Any CPU
		{6DAC89FD-825A-4A33-B21E-BD5563ADB3CB}.Release|Any CPU.Build.0 = Release|Any CPU
		{6DAC89FD-825A-4A33-B21E-BD5563ADB3CB}.Release|x64.ActiveCfg = Release|Any CPU
		{6DAC89FD-825A-4A33-B21E-BD5563ADB3CB}.Release|x64.Build.0 = Release|Any CPU
		{6DAC89FD-825A-4A33-B21E-BD5563ADB3CB}.Release|x86.ActiveCfg = Release|Any CPU
		{6DAC89FD-825A-4A33-B21E-BD5563ADB3CB}.Release|x86.Build.0 = Release|Any CPU
		{CED1D7FE-3F1C-4B5E-B876-AB86C7CCF9AC}.Debug|Any CPU.ActiveCfg = Debug|Any CPU
		{CED1D7FE-3F1C-4B5E-B876-AB86C7CCF9AC}.Debug|Any CPU.Build.0 = Debug|Any CPU
		{CED1D7FE-3F1C-4B5E-B876-AB86C7CCF9AC}.Debug|x64.ActiveCfg = Debug|Any CPU
		{CED1D7FE-3F1C-4B5E-B876-AB86C7CCF9AC}.Debug|x64.Build.0 = Debug|Any CPU
		{CED1D7FE-3F1C-4B5E-B876-AB86C7CCF9AC}.Debug|x86.ActiveCfg = Debug|Any CPU
		{CED1D7FE-3F1C-4B5E-B876-AB86C7CCF9AC}.Debug|x86.Build.0 = Debug|Any CPU
		{CED1D7FE-3F1C-4B5E-B876-AB86C7CCF9AC}.Release|Any CPU.ActiveCfg = Release|Any CPU
		{CED1D7FE-3F1C-4B5E-B876-AB86C7CCF9AC}.Release|Any CPU.Build.0 = Release|Any CPU
		{CED1D7FE-3F1C-4B5E-B876-AB86C7CCF9AC}.Release|x64.ActiveCfg = Release|Any CPU
		{CED1D7FE-3F1C-4B5E-B876-AB86C7CCF9AC}.Release|x64.Build.0 = Release|Any CPU
		{CED1D7FE-3F1C-4B5E-B876-AB86C7CCF9AC}.Release|x86.ActiveCfg = Release|Any CPU
		{CED1D7FE-3F1C-4B5E-B876-AB86C7CCF9AC}.Release|x86.Build.0 = Release|Any CPU
		{BAF76622-C115-4855-B7EB-F2F64A38CD2B}.Debug|Any CPU.ActiveCfg = Debug|Any CPU
		{BAF76622-C115-4855-B7EB-F2F64A38CD2B}.Debug|Any CPU.Build.0 = Debug|Any CPU
		{BAF76622-C115-4855-B7EB-F2F64A38CD2B}.Debug|x64.ActiveCfg = Debug|Any CPU
		{BAF76622-C115-4855-B7EB-F2F64A38CD2B}.Debug|x64.Build.0 = Debug|Any CPU
		{BAF76622-C115-4855-B7EB-F2F64A38CD2B}.Debug|x86.ActiveCfg = Debug|Any CPU
		{BAF76622-C115-4855-B7EB-F2F64A38CD2B}.Debug|x86.Build.0 = Debug|Any CPU
		{BAF76622-C115-4855-B7EB-F2F64A38CD2B}.Release|Any CPU.ActiveCfg = Release|Any CPU
		{BAF76622-C115-4855-B7EB-F2F64A38CD2B}.Release|Any CPU.Build.0 = Release|Any CPU
		{BAF76622-C115-4855-B7EB-F2F64A38CD2B}.Release|x64.ActiveCfg = Release|Any CPU
		{BAF76622-C115-4855-B7EB-F2F64A38CD2B}.Release|x64.Build.0 = Release|Any CPU
		{BAF76622-C115-4855-B7EB-F2F64A38CD2B}.Release|x86.ActiveCfg = Release|Any CPU
		{BAF76622-C115-4855-B7EB-F2F64A38CD2B}.Release|x86.Build.0 = Release|Any CPU
		{F351BCF5-D410-46BE-A388-55ED3E7A316B}.Debug|Any CPU.ActiveCfg = Debug|Any CPU
		{F351BCF5-D410-46BE-A388-55ED3E7A316B}.Debug|Any CPU.Build.0 = Debug|Any CPU
		{F351BCF5-D410-46BE-A388-55ED3E7A316B}.Debug|x64.ActiveCfg = Debug|Any CPU
		{F351BCF5-D410-46BE-A388-55ED3E7A316B}.Debug|x64.Build.0 = Debug|Any CPU
		{F351BCF5-D410-46BE-A388-55ED3E7A316B}.Debug|x86.ActiveCfg = Debug|Any CPU
		{F351BCF5-D410-46BE-A388-55ED3E7A316B}.Debug|x86.Build.0 = Debug|Any CPU
		{F351BCF5-D410-46BE-A388-55ED3E7A316B}.Release|Any CPU.ActiveCfg = Release|Any CPU
		{F351BCF5-D410-46BE-A388-55ED3E7A316B}.Release|Any CPU.Build.0 = Release|Any CPU
		{F351BCF5-D410-46BE-A388-55ED3E7A316B}.Release|x64.ActiveCfg = Release|Any CPU
		{F351BCF5-D410-46BE-A388-55ED3E7A316B}.Release|x64.Build.0 = Release|Any CPU
		{F351BCF5-D410-46BE-A388-55ED3E7A316B}.Release|x86.ActiveCfg = Release|Any CPU
		{F351BCF5-D410-46BE-A388-55ED3E7A316B}.Release|x86.Build.0 = Release|Any CPU
		{12BCE3B3-8E00-4E61-A7D3-D8BF4AE053C4}.Debug|Any CPU.ActiveCfg = Debug|Any CPU
		{12BCE3B3-8E00-4E61-A7D3-D8BF4AE053C4}.Debug|Any CPU.Build.0 = Debug|Any CPU
		{12BCE3B3-8E00-4E61-A7D3-D8BF4AE053C4}.Debug|x64.ActiveCfg = Debug|Any CPU
		{12BCE3B3-8E00-4E61-A7D3-D8BF4AE053C4}.Debug|x64.Build.0 = Debug|Any CPU
		{12BCE3B3-8E00-4E61-A7D3-D8BF4AE053C4}.Debug|x86.ActiveCfg = Debug|Any CPU
		{12BCE3B3-8E00-4E61-A7D3-D8BF4AE053C4}.Debug|x86.Build.0 = Debug|Any CPU
		{12BCE3B3-8E00-4E61-A7D3-D8BF4AE053C4}.Release|Any CPU.ActiveCfg = Release|Any CPU
		{12BCE3B3-8E00-4E61-A7D3-D8BF4AE053C4}.Release|Any CPU.Build.0 = Release|Any CPU
		{12BCE3B3-8E00-4E61-A7D3-D8BF4AE053C4}.Release|x64.ActiveCfg = Release|Any CPU
		{12BCE3B3-8E00-4E61-A7D3-D8BF4AE053C4}.Release|x64.Build.0 = Release|Any CPU
		{12BCE3B3-8E00-4E61-A7D3-D8BF4AE053C4}.Release|x86.ActiveCfg = Release|Any CPU
		{12BCE3B3-8E00-4E61-A7D3-D8BF4AE053C4}.Release|x86.Build.0 = Release|Any CPU
		{A4F569C7-A243-46F7-AF29-79A1DF97B4FB}.Debug|Any CPU.ActiveCfg = Debug|Any CPU
		{A4F569C7-A243-46F7-AF29-79A1DF97B4FB}.Debug|Any CPU.Build.0 = Debug|Any CPU
		{A4F569C7-A243-46F7-AF29-79A1DF97B4FB}.Debug|x64.ActiveCfg = Debug|Any CPU
		{A4F569C7-A243-46F7-AF29-79A1DF97B4FB}.Debug|x64.Build.0 = Debug|Any CPU
		{A4F569C7-A243-46F7-AF29-79A1DF97B4FB}.Debug|x86.ActiveCfg = Debug|Any CPU
		{A4F569C7-A243-46F7-AF29-79A1DF97B4FB}.Debug|x86.Build.0 = Debug|Any CPU
		{A4F569C7-A243-46F7-AF29-79A1DF97B4FB}.Release|Any CPU.ActiveCfg = Release|Any CPU
		{A4F569C7-A243-46F7-AF29-79A1DF97B4FB}.Release|Any CPU.Build.0 = Release|Any CPU
		{A4F569C7-A243-46F7-AF29-79A1DF97B4FB}.Release|x64.ActiveCfg = Release|Any CPU
		{A4F569C7-A243-46F7-AF29-79A1DF97B4FB}.Release|x64.Build.0 = Release|Any CPU
		{A4F569C7-A243-46F7-AF29-79A1DF97B4FB}.Release|x86.ActiveCfg = Release|Any CPU
		{A4F569C7-A243-46F7-AF29-79A1DF97B4FB}.Release|x86.Build.0 = Release|Any CPU
		{CDE1DD67-5939-4C31-B33D-0C9F048C7A97}.Debug|Any CPU.ActiveCfg = Debug|Any CPU
		{CDE1DD67-5939-4C31-B33D-0C9F048C7A97}.Debug|Any CPU.Build.0 = Debug|Any CPU
		{CDE1DD67-5939-4C31-B33D-0C9F048C7A97}.Debug|x64.ActiveCfg = Debug|Any CPU
		{CDE1DD67-5939-4C31-B33D-0C9F048C7A97}.Debug|x64.Build.0 = Debug|Any CPU
		{CDE1DD67-5939-4C31-B33D-0C9F048C7A97}.Debug|x86.ActiveCfg = Debug|Any CPU
		{CDE1DD67-5939-4C31-B33D-0C9F048C7A97}.Debug|x86.Build.0 = Debug|Any CPU
		{CDE1DD67-5939-4C31-B33D-0C9F048C7A97}.Release|Any CPU.ActiveCfg = Release|Any CPU
		{CDE1DD67-5939-4C31-B33D-0C9F048C7A97}.Release|Any CPU.Build.0 = Release|Any CPU
		{CDE1DD67-5939-4C31-B33D-0C9F048C7A97}.Release|x64.ActiveCfg = Release|Any CPU
		{CDE1DD67-5939-4C31-B33D-0C9F048C7A97}.Release|x64.Build.0 = Release|Any CPU
		{CDE1DD67-5939-4C31-B33D-0C9F048C7A97}.Release|x86.ActiveCfg = Release|Any CPU
		{CDE1DD67-5939-4C31-B33D-0C9F048C7A97}.Release|x86.Build.0 = Release|Any CPU
		{57E8771D-A3BC-4544-9BFD-9E4747676FA8}.Debug|Any CPU.ActiveCfg = Debug|Any CPU
		{57E8771D-A3BC-4544-9BFD-9E4747676FA8}.Debug|Any CPU.Build.0 = Debug|Any CPU
		{57E8771D-A3BC-4544-9BFD-9E4747676FA8}.Debug|x64.ActiveCfg = Debug|Any CPU
		{57E8771D-A3BC-4544-9BFD-9E4747676FA8}.Debug|x64.Build.0 = Debug|Any CPU
		{57E8771D-A3BC-4544-9BFD-9E4747676FA8}.Debug|x86.ActiveCfg = Debug|Any CPU
		{57E8771D-A3BC-4544-9BFD-9E4747676FA8}.Debug|x86.Build.0 = Debug|Any CPU
		{57E8771D-A3BC-4544-9BFD-9E4747676FA8}.Release|Any CPU.ActiveCfg = Release|Any CPU
		{57E8771D-A3BC-4544-9BFD-9E4747676FA8}.Release|Any CPU.Build.0 = Release|Any CPU
		{57E8771D-A3BC-4544-9BFD-9E4747676FA8}.Release|x64.ActiveCfg = Release|Any CPU
		{57E8771D-A3BC-4544-9BFD-9E4747676FA8}.Release|x64.Build.0 = Release|Any CPU
		{57E8771D-A3BC-4544-9BFD-9E4747676FA8}.Release|x86.ActiveCfg = Release|Any CPU
		{57E8771D-A3BC-4544-9BFD-9E4747676FA8}.Release|x86.Build.0 = Release|Any CPU
		{438B73DB-DB18-46B7-BC86-96B387BF0B02}.Debug|Any CPU.ActiveCfg = Debug|Any CPU
		{438B73DB-DB18-46B7-BC86-96B387BF0B02}.Debug|Any CPU.Build.0 = Debug|Any CPU
		{438B73DB-DB18-46B7-BC86-96B387BF0B02}.Debug|x64.ActiveCfg = Debug|Any CPU
		{438B73DB-DB18-46B7-BC86-96B387BF0B02}.Debug|x64.Build.0 = Debug|Any CPU
		{438B73DB-DB18-46B7-BC86-96B387BF0B02}.Debug|x86.ActiveCfg = Debug|Any CPU
		{438B73DB-DB18-46B7-BC86-96B387BF0B02}.Debug|x86.Build.0 = Debug|Any CPU
		{438B73DB-DB18-46B7-BC86-96B387BF0B02}.Release|Any CPU.ActiveCfg = Release|Any CPU
		{438B73DB-DB18-46B7-BC86-96B387BF0B02}.Release|Any CPU.Build.0 = Release|Any CPU
		{438B73DB-DB18-46B7-BC86-96B387BF0B02}.Release|x64.ActiveCfg = Release|Any CPU
		{438B73DB-DB18-46B7-BC86-96B387BF0B02}.Release|x64.Build.0 = Release|Any CPU
		{438B73DB-DB18-46B7-BC86-96B387BF0B02}.Release|x86.ActiveCfg = Release|Any CPU
		{438B73DB-DB18-46B7-BC86-96B387BF0B02}.Release|x86.Build.0 = Release|Any CPU
		{EB60BFB4-8B72-4D59-94AB-CC5E09633C38}.Debug|Any CPU.ActiveCfg = Debug|Any CPU
		{EB60BFB4-8B72-4D59-94AB-CC5E09633C38}.Debug|Any CPU.Build.0 = Debug|Any CPU
		{EB60BFB4-8B72-4D59-94AB-CC5E09633C38}.Debug|x64.ActiveCfg = Debug|Any CPU
		{EB60BFB4-8B72-4D59-94AB-CC5E09633C38}.Debug|x64.Build.0 = Debug|Any CPU
		{EB60BFB4-8B72-4D59-94AB-CC5E09633C38}.Debug|x86.ActiveCfg = Debug|Any CPU
		{EB60BFB4-8B72-4D59-94AB-CC5E09633C38}.Debug|x86.Build.0 = Debug|Any CPU
		{EB60BFB4-8B72-4D59-94AB-CC5E09633C38}.Release|Any CPU.ActiveCfg = Release|Any CPU
		{EB60BFB4-8B72-4D59-94AB-CC5E09633C38}.Release|Any CPU.Build.0 = Release|Any CPU
		{EB60BFB4-8B72-4D59-94AB-CC5E09633C38}.Release|x64.ActiveCfg = Release|Any CPU
		{EB60BFB4-8B72-4D59-94AB-CC5E09633C38}.Release|x64.Build.0 = Release|Any CPU
		{EB60BFB4-8B72-4D59-94AB-CC5E09633C38}.Release|x86.ActiveCfg = Release|Any CPU
		{EB60BFB4-8B72-4D59-94AB-CC5E09633C38}.Release|x86.Build.0 = Release|Any CPU
		{4F7FDE1D-8A42-4F0F-83CC-A73857E47A56}.Debug|Any CPU.ActiveCfg = Debug|Any CPU
		{4F7FDE1D-8A42-4F0F-83CC-A73857E47A56}.Debug|Any CPU.Build.0 = Debug|Any CPU
		{4F7FDE1D-8A42-4F0F-83CC-A73857E47A56}.Debug|x64.ActiveCfg = Debug|Any CPU
		{4F7FDE1D-8A42-4F0F-83CC-A73857E47A56}.Debug|x64.Build.0 = Debug|Any CPU
		{4F7FDE1D-8A42-4F0F-83CC-A73857E47A56}.Debug|x86.ActiveCfg = Debug|Any CPU
		{4F7FDE1D-8A42-4F0F-83CC-A73857E47A56}.Debug|x86.Build.0 = Debug|Any CPU
		{4F7FDE1D-8A42-4F0F-83CC-A73857E47A56}.Release|Any CPU.ActiveCfg = Release|Any CPU
		{4F7FDE1D-8A42-4F0F-83CC-A73857E47A56}.Release|Any CPU.Build.0 = Release|Any CPU
		{4F7FDE1D-8A42-4F0F-83CC-A73857E47A56}.Release|x64.ActiveCfg = Release|Any CPU
		{4F7FDE1D-8A42-4F0F-83CC-A73857E47A56}.Release|x64.Build.0 = Release|Any CPU
		{4F7FDE1D-8A42-4F0F-83CC-A73857E47A56}.Release|x86.ActiveCfg = Release|Any CPU
		{4F7FDE1D-8A42-4F0F-83CC-A73857E47A56}.Release|x86.Build.0 = Release|Any CPU
		{6E593C5E-8FAD-4157-88D6-0ED2B2A1D9FA}.Debug|Any CPU.ActiveCfg = Debug|Any CPU
		{6E593C5E-8FAD-4157-88D6-0ED2B2A1D9FA}.Debug|Any CPU.Build.0 = Debug|Any CPU
		{6E593C5E-8FAD-4157-88D6-0ED2B2A1D9FA}.Debug|x64.ActiveCfg = Debug|Any CPU
		{6E593C5E-8FAD-4157-88D6-0ED2B2A1D9FA}.Debug|x64.Build.0 = Debug|Any CPU
		{6E593C5E-8FAD-4157-88D6-0ED2B2A1D9FA}.Debug|x86.ActiveCfg = Debug|Any CPU
		{6E593C5E-8FAD-4157-88D6-0ED2B2A1D9FA}.Debug|x86.Build.0 = Debug|Any CPU
		{6E593C5E-8FAD-4157-88D6-0ED2B2A1D9FA}.Release|Any CPU.ActiveCfg = Release|Any CPU
		{6E593C5E-8FAD-4157-88D6-0ED2B2A1D9FA}.Release|Any CPU.Build.0 = Release|Any CPU
		{6E593C5E-8FAD-4157-88D6-0ED2B2A1D9FA}.Release|x64.ActiveCfg = Release|Any CPU
		{6E593C5E-8FAD-4157-88D6-0ED2B2A1D9FA}.Release|x64.Build.0 = Release|Any CPU
		{6E593C5E-8FAD-4157-88D6-0ED2B2A1D9FA}.Release|x86.ActiveCfg = Release|Any CPU
		{6E593C5E-8FAD-4157-88D6-0ED2B2A1D9FA}.Release|x86.Build.0 = Release|Any CPU
		{9B0098DC-72E4-41D5-A1E6-A4A7A27961D9}.Debug|Any CPU.ActiveCfg = Debug|Any CPU
		{9B0098DC-72E4-41D5-A1E6-A4A7A27961D9}.Debug|Any CPU.Build.0 = Debug|Any CPU
		{9B0098DC-72E4-41D5-A1E6-A4A7A27961D9}.Debug|x64.ActiveCfg = Debug|Any CPU
		{9B0098DC-72E4-41D5-A1E6-A4A7A27961D9}.Debug|x64.Build.0 = Debug|Any CPU
		{9B0098DC-72E4-41D5-A1E6-A4A7A27961D9}.Debug|x86.ActiveCfg = Debug|Any CPU
		{9B0098DC-72E4-41D5-A1E6-A4A7A27961D9}.Debug|x86.Build.0 = Debug|Any CPU
		{9B0098DC-72E4-41D5-A1E6-A4A7A27961D9}.Release|Any CPU.ActiveCfg = Release|Any CPU
		{9B0098DC-72E4-41D5-A1E6-A4A7A27961D9}.Release|Any CPU.Build.0 = Release|Any CPU
		{9B0098DC-72E4-41D5-A1E6-A4A7A27961D9}.Release|x64.ActiveCfg = Release|Any CPU
		{9B0098DC-72E4-41D5-A1E6-A4A7A27961D9}.Release|x64.Build.0 = Release|Any CPU
		{9B0098DC-72E4-41D5-A1E6-A4A7A27961D9}.Release|x86.ActiveCfg = Release|Any CPU
		{9B0098DC-72E4-41D5-A1E6-A4A7A27961D9}.Release|x86.Build.0 = Release|Any CPU
	EndGlobalSection
	GlobalSection(SolutionProperties) = preSolution
		HideSolutionNode = FALSE
	EndGlobalSection
	GlobalSection(NestedProjects) = preSolution
		{984BB9B3-3FA3-BE33-9484-CAC21695A33C} = {827E0CD3-B72D-47B6-A68D-7590B98EB39B}
		{C91C1CF1-1625-0789-F869-53D87D6277BA} = {984BB9B3-3FA3-BE33-9484-CAC21695A33C}
		{CA15E31E-CB60-F235-5CDF-2E527A86A72C} = {984BB9B3-3FA3-BE33-9484-CAC21695A33C}
		{AD24E8AB-9456-4FE5-8D8C-708A529B6AE5} = {CA15E31E-CB60-F235-5CDF-2E527A86A72C}
		{1613B322-E46B-44EC-8A35-9B71E5AA5F83} = {CA15E31E-CB60-F235-5CDF-2E527A86A72C}
		{6DAC89FD-825A-4A33-B21E-BD5563ADB3CB} = {CA15E31E-CB60-F235-5CDF-2E527A86A72C}
		{CED1D7FE-3F1C-4B5E-B876-AB86C7CCF9AC} = {CA15E31E-CB60-F235-5CDF-2E527A86A72C}
		{BAF76622-C115-4855-B7EB-F2F64A38CD2B} = {CA15E31E-CB60-F235-5CDF-2E527A86A72C}
		{B851199A-4979-E597-3D50-97AC5992BBAF} = {984BB9B3-3FA3-BE33-9484-CAC21695A33C}
		{F351BCF5-D410-46BE-A388-55ED3E7A316B} = {B851199A-4979-E597-3D50-97AC5992BBAF}
		{12BCE3B3-8E00-4E61-A7D3-D8BF4AE053C4} = {B851199A-4979-E597-3D50-97AC5992BBAF}
		{A4F569C7-A243-46F7-AF29-79A1DF97B4FB} = {B851199A-4979-E597-3D50-97AC5992BBAF}
		{CDE1DD67-5939-4C31-B33D-0C9F048C7A97} = {B851199A-4979-E597-3D50-97AC5992BBAF}
		{57E8771D-A3BC-4544-9BFD-9E4747676FA8} = {B851199A-4979-E597-3D50-97AC5992BBAF}
		{438B73DB-DB18-46B7-BC86-96B387BF0B02} = {AA9EE0C7-4E1A-44BC-243C-C4E356DC2F3C}
		{EB60BFB4-8B72-4D59-94AB-CC5E09633C38} = {AA9EE0C7-4E1A-44BC-243C-C4E356DC2F3C}
		{4F7FDE1D-8A42-4F0F-83CC-A73857E47A56} = {AA9EE0C7-4E1A-44BC-243C-C4E356DC2F3C}
		{6E593C5E-8FAD-4157-88D6-0ED2B2A1D9FA} = {AA9EE0C7-4E1A-44BC-243C-C4E356DC2F3C}
		{9B0098DC-72E4-41D5-A1E6-A4A7A27961D9} = {AA9EE0C7-4E1A-44BC-243C-C4E356DC2F3C}
	EndGlobalSection
EndGlobal
