
Microsoft Visual Studio Solution File, Format Version 12.00
Project("{2150E333-8FDC-42A3-9474-1A3956D46DE8}") = "src", "src", "{827E0CD3-B72D-47B6-A68D-7590B98EB39B}"
EndProject
Project("{2150E333-8FDC-42A3-9474-1A3956D46DE8}") = "Services", "Services", "{984BB9B3-3FA3-BE33-9484-CAC21695A33C}"
EndProject
Project("{2150E333-8FDC-42A3-9474-1A3956D46DE8}") = "Catalog", "Catalog", "{C91C1CF1-1625-0789-F869-53D87D6277BA}"
EndProject
Project("{FAE04EC0-301F-11D3-BF4B-00C04F79EFBC}") = "Catalog.API", "src\Services\Catalog\Catalog.API\Catalog.API.csproj", "{FD602E15-8175-4721-8F14-5973452DF2C0}"
EndProject
Project("{FAE04EC0-301F-11D3-BF4B-00C04F79EFBC}") = "Catalog.Domain", "src\Services\Catalog\Catalog.Domain\Catalog.Domain.csproj", "{EC7E1296-66D4-4B9B-824C-365C1DB7CA12}"
EndProject
Project("{FAE04EC0-301F-11D3-BF4B-00C04F79EFBC}") = "Catalog.Application", "src\Services\Catalog\Catalog.Application\Catalog.Application.csproj", "{A407D54E-13B6-42EC-93EE-5BFF9BF5A430}"
EndProject
Project("{FAE04EC0-301F-11D3-BF4B-00C04F79EFBC}") = "Catalog.Infrastructure", "src\Services\Catalog\Catalog.Infrastructure\Catalog.Infrastructure.csproj", "{8064CC77-7B43-42F3-AAF7-23F7D1B72985}"
EndProject
Project("{FAE04EC0-301F-11D3-BF4B-00C04F79EFBC}") = "Catalog.Persistence", "src\Services\Catalog\Catalog.Persistence\Catalog.Persistence.csproj", "{2FBF280B-A89C-428E-BD98-97BB79ECDB26}"
EndProject
Project("{2150E333-8FDC-42A3-9474-1A3956D46DE8}") = "Inventory", "Inventory", "{CA15E31E-CB60-F235-5CDF-2E527A86A72C}"
EndProject
Project("{FAE04EC0-301F-11D3-BF4B-00C04F79EFBC}") = "Inventory.API", "src\Services\Inventory\Inventory.API\Inventory.API.csproj", "{AD24E8AB-9456-4FE5-8D8C-708A529B6AE5}"
EndProject
Project("{FAE04EC0-301F-11D3-BF4B-00C04F79EFBC}") = "Inventory.Application", "src\Services\Inventory\Inventory.Application\Inventory.Application.csproj", "{1613B322-E46B-44EC-8A35-9B71E5AA5F83}"
EndProject
Project("{FAE04EC0-301F-11D3-BF4B-00C04F79EFBC}") = "Inventory.Domain", "src\Services\Inventory\Inventory.Domain\Inventory.Domain.csproj", "{6DAC89FD-825A-4A33-B21E-BD5563ADB3CB}"
EndProject
Project("{FAE04EC0-301F-11D3-BF4B-00C04F79EFBC}") = "Inventory.Infrastructure", "src\Services\Inventory\Inventory.Infrastructure\Inventory.Infrastructure.csproj", "{CED1D7FE-3F1C-4B5E-B876-AB86C7CCF9AC}"
EndProject
Project("{FAE04EC0-301F-11D3-BF4B-00C04F79EFBC}") = "Inventory.Persistence", "src\Services\Inventory\Inventory.Persistence\Inventory.Persistence.csproj", "{BAF76622-C115-4855-B7EB-F2F64A38CD2B}"
EndProject
Project("{2150E333-8FDC-42A3-9474-1A3956D46DE8}") = "Order", "Order", "{B851199A-4979-E597-3D50-97AC5992BBAF}"
EndProject
Project("{FAE04EC0-301F-11D3-BF4B-00C04F79EFBC}") = "Order.API", "src\Services\Order\Order.API\Order.API.csproj", "{F351BCF5-D410-46BE-A388-55ED3E7A316B}"
EndProject
Project("{FAE04EC0-301F-11D3-BF4B-00C04F79EFBC}") = "Order.Application", "src\Services\Order\Order.Application\Order.Application.csproj", "{12BCE3B3-8E00-4E61-A7D3-D8BF4AE053C4}"
EndProject
Project("{FAE04EC0-301F-11D3-BF4B-00C04F79EFBC}") = "Order.Domain", "src\Services\Order\Order.Domain\Order.Domain.csproj", "{A4F569C7-A243-46F7-AF29-79A1DF97B4FB}"
EndProject
Project("{FAE04EC0-301F-11D3-BF4B-00C04F79EFBC}") = "Order.Infrastructure", "src\Services\Order\Order.Infrastructure\Order.Infrastructure.csproj", "{CDE1DD67-5939-4C31-B33D-0C9F048C7A97}"
EndProject
Project("{FAE04EC0-301F-11D3-BF4B-00C04F79EFBC}") = "Order.Persistence", "src\Services\Order\Order.Persistence\Order.Persistence.csproj", "{57E8771D-A3BC-4544-9BFD-9E4747676FA8}"
EndProject
Project("{2150E333-8FDC-42A3-9474-1A3956D46DE8}") = "Payment", "Payment", "{3FB03296-F262-2760-9861-73C41AF3766C}"
EndProject
Project("{FAE04EC0-301F-11D3-BF4B-00C04F79EFBC}") = "Payment.API", "src\Services\Payment\Payment.API\Payment.API.csproj", "{2AE30B8F-8F6A-4421-A9E3-7C9D54967959}"
EndProject
Project("{FAE04EC0-301F-11D3-BF4B-00C04F79EFBC}") = "Payment.Application", "src\Services\Payment\Payment.Application\Payment.Application.csproj", "{5ABF8ECE-9D39-4F28-BC77-601A62EE3DF5}"
EndProject
Project("{FAE04EC0-301F-11D3-BF4B-00C04F79EFBC}") = "Payment.Domain", "src\Services\Payment\Payment.Domain\Payment.Domain.csproj", "{E9EB7B4C-6CDF-43CF-9424-F849148423C8}"
EndProject
Project("{FAE04EC0-301F-11D3-BF4B-00C04F79EFBC}") = "Payment.Infrastructure", "src\Services\Payment\Payment.Infrastructure\Payment.Infrastructure.csproj", "{4BFAE789-089F-4145-9AB5-E3525883DC32}"
EndProject
Project("{FAE04EC0-301F-11D3-BF4B-00C04F79EFBC}") = "Payment.Persistence", "src\Services\Payment\Payment.Persistence\Payment.Persistence.csproj", "{152894DF-D502-405F-8BD5-1DB34FC096A3}"
EndProject
Project("{2150E333-8FDC-42A3-9474-1A3956D46DE8}") = "Notification", "Notification", "{C5FBE174-8E0F-F5A3-B929-8BD0C55C0A32}"
EndProject
Project("{FAE04EC0-301F-11D3-BF4B-00C04F79EFBC}") = "Notification.API", "src\Services\Notification\Notification.API\Notification.API.csproj", "{038B7BB8-F08B-4174-955C-D0F3F908C1A5}"
EndProject
Project("{FAE04EC0-301F-11D3-BF4B-00C04F79EFBC}") = "Notification.Application", "src\Services\Notification\Notification.Application\Notification.Application.csproj", "{E99BF535-5682-401A-B9B5-9D753B8AD3C7}"
EndProject
Project("{FAE04EC0-301F-11D3-BF4B-00C04F79EFBC}") = "Notification.Domain", "src\Services\Notification\Notification.Domain\Notification.Domain.csproj", "{0FB85773-6ABD-4596-A804-F48E936CAC1B}"
EndProject
Project("{FAE04EC0-301F-11D3-BF4B-00C04F79EFBC}") = "Notification.Infrastructure", "src\Services\Notification\Notification.Infrastructure\Notification.Infrastructure.csproj", "{65B15D04-53C5-44AD-ABB9-3CCCC5979B5E}"
EndProject
Project("{FAE04EC0-301F-11D3-BF4B-00C04F79EFBC}") = "Notification.Persistence", "src\Services\Notification\Notification.Persistence\Notification.Persistence.csproj", "{4296896B-246C-4202-8B89-2AC47003A7A1}"
EndProject
Project("{2150E333-8FDC-42A3-9474-1A3956D46DE8}") = "tests", "tests", "{0AB3BF05-4346-4AA6-1389-037BE0695223}"
EndProject
Project("{2150E333-8FDC-42A3-9474-1A3956D46DE8}") = "Services", "Services", "{4353066B-F410-E540-F593-55E469B78A5F}"
EndProject
Project("{2150E333-8FDC-42A3-9474-1A3956D46DE8}") = "Catalog", "Catalog", "{C5ADB2C2-D5AC-61D9-C060-9FACC8AEA64C}"
EndProject
Project("{FAE04EC0-301F-11D3-BF4B-00C04F79EFBC}") = "Catalog.Domain.Tests", "tests\Services\Catalog\Catalog.Domain.Tests\Catalog.Domain.Tests.csproj", "{2E64E0DB-94FD-45AB-9C76-1677D1964CD9}"
EndProject
Project("{FAE04EC0-301F-11D3-BF4B-00C04F79EFBC}") = "Catalog.Application.Tests", "tests\Services\Catalog\Catalog.Application.Tests\Catalog.Application.Tests.csproj", "{0FB6A45B-7A9B-4013-852B-ED808E02A1AB}"
EndProject
Project("{2150E333-8FDC-42A3-9474-1A3956D46DE8}") = "Inventory", "Inventory", "{B69D1A96-4DB9-15C1-EF8D-9A36E3A47E08}"
EndProject
Project("{FAE04EC0-301F-11D3-BF4B-00C04F79EFBC}") = "Inventory.Domain.Tests", "tests\Services\Inventory\Inventory.Domain.Tests\Inventory.Domain.Tests.csproj", "{01FD6E8D-DB20-41E5-83C1-9305CC36D8C7}"
EndProject
Project("{2150E333-8FDC-42A3-9474-1A3956D46DE8}") = "Notification", "Notification", "{420765D6-2AA4-52D9-B578-37BFA724B3D2}"
EndProject
Project("{FAE04EC0-301F-11D3-BF4B-00C04F79EFBC}") = "Notification.Domain.Tests", "tests\Services\Notification\Notification.Domain.Tests\Notification.Domain.Tests.csproj", "{567F62BB-1648-46EF-8166-4CDFAF7F5640}"
EndProject
Project("{FAE04EC0-301F-11D3-BF4B-00C04F79EFBC}") = "Notification.Infrastructure.Tests", "tests\Services\Notification\Notification.Infrastructure.Tests\Notification.Infrastructure.Tests.csproj", "{1384E17D-A88E-4088-B996-0B6D5653E8B4}"
EndProject
Global
	GlobalSection(SolutionConfigurationPlatforms) = preSolution
		Debug|Any CPU = Debug|Any CPU
		Debug|x64 = Debug|x64
		Debug|x86 = Debug|x86
		Release|Any CPU = Release|Any CPU
		Release|x64 = Release|x64
		Release|x86 = Release|x86
	EndGlobalSection
	GlobalSection(ProjectConfigurationPlatforms) = postSolution
		{FD602E15-8175-4721-8F14-5973452DF2C0}.Debug|Any CPU.ActiveCfg = Debug|Any CPU
		{FD602E15-8175-4721-8F14-5973452DF2C0}.Debug|Any CPU.Build.0 = Debug|Any CPU
		{FD602E15-8175-4721-8F14-5973452DF2C0}.Debug|x64.ActiveCfg = Debug|Any CPU
		{FD602E15-8175-4721-8F14-5973452DF2C0}.Debug|x64.Build.0 = Debug|Any CPU
		{FD602E15-8175-4721-8F14-5973452DF2C0}.Debug|x86.ActiveCfg = Debug|Any CPU
		{FD602E15-8175-4721-8F14-5973452DF2C0}.Debug|x86.Build.0 = Debug|Any CPU
		{FD602E15-8175-4721-8F14-5973452DF2C0}.Release|Any CPU.ActiveCfg = Release|Any CPU
		{FD602E15-8175-4721-8F14-5973452DF2C0}.Release|Any CPU.Build.0 = Release|Any CPU
		{FD602E15-8175-4721-8F14-5973452DF2C0}.Release|x64.ActiveCfg = Release|Any CPU
		{FD602E15-8175-4721-8F14-5973452DF2C0}.Release|x64.Build.0 = Release|Any CPU
		{FD602E15-8175-4721-8F14-5973452DF2C0}.Release|x86.ActiveCfg = Release|Any CPU
		{FD602E15-8175-4721-8F14-5973452DF2C0}.Release|x86.Build.0 = Release|Any CPU
		{EC7E1296-66D4-4B9B-824C-365C1DB7CA12}.Debug|Any CPU.ActiveCfg = Debug|Any CPU
		{EC7E1296-66D4-4B9B-824C-365C1DB7CA12}.Debug|Any CPU.Build.0 = Debug|Any CPU
		{EC7E1296-66D4-4B9B-824C-365C1DB7CA12}.Debug|x64.ActiveCfg = Debug|Any CPU
		{EC7E1296-66D4-4B9B-824C-365C1DB7CA12}.Debug|x64.Build.0 = Debug|Any CPU
		{EC7E1296-66D4-4B9B-824C-365C1DB7CA12}.Debug|x86.ActiveCfg = Debug|Any CPU
		{EC7E1296-66D4-4B9B-824C-365C1DB7CA12}.Debug|x86.Build.0 = Debug|Any CPU
		{EC7E1296-66D4-4B9B-824C-365C1DB7CA12}.Release|Any CPU.ActiveCfg = Release|Any CPU
		{EC7E1296-66D4-4B9B-824C-365C1DB7CA12}.Release|Any CPU.Build.0 = Release|Any CPU
		{EC7E1296-66D4-4B9B-824C-365C1DB7CA12}.Release|x64.ActiveCfg = Release|Any CPU
		{EC7E1296-66D4-4B9B-824C-365C1DB7CA12}.Release|x64.Build.0 = Release|Any CPU
		{EC7E1296-66D4-4B9B-824C-365C1DB7CA12}.Release|x86.ActiveCfg = Release|Any CPU
		{EC7E1296-66D4-4B9B-824C-365C1DB7CA12}.Release|x86.Build.0 = Release|Any CPU
		{A407D54E-13B6-42EC-93EE-5BFF9BF5A430}.Debug|Any CPU.ActiveCfg = Debug|Any CPU
		{A407D54E-13B6-42EC-93EE-5BFF9BF5A430}.Debug|Any CPU.Build.0 = Debug|Any CPU
		{A407D54E-13B6-42EC-93EE-5BFF9BF5A430}.Debug|x64.ActiveCfg = Debug|Any CPU
		{A407D54E-13B6-42EC-93EE-5BFF9BF5A430}.Debug|x64.Build.0 = Debug|Any CPU
		{A407D54E-13B6-42EC-93EE-5BFF9BF5A430}.Debug|x86.ActiveCfg = Debug|Any CPU
		{A407D54E-13B6-42EC-93EE-5BFF9BF5A430}.Debug|x86.Build.0 = Debug|Any CPU
		{A407D54E-13B6-42EC-93EE-5BFF9BF5A430}.Release|Any CPU.ActiveCfg = Release|Any CPU
		{A407D54E-13B6-42EC-93EE-5BFF9BF5A430}.Release|Any CPU.Build.0 = Release|Any CPU
		{A407D54E-13B6-42EC-93EE-5BFF9BF5A430}.Release|x64.ActiveCfg = Release|Any CPU
		{A407D54E-13B6-42EC-93EE-5BFF9BF5A430}.Release|x64.Build.0 = Release|Any CPU
		{A407D54E-13B6-42EC-93EE-5BFF9BF5A430}.Release|x86.ActiveCfg = Release|Any CPU
		{A407D54E-13B6-42EC-93EE-5BFF9BF5A430}.Release|x86.Build.0 = Release|Any CPU
		{8064CC77-7B43-42F3-AAF7-23F7D1B72985}.Debug|Any CPU.ActiveCfg = Debug|Any CPU
		{8064CC77-7B43-42F3-AAF7-23F7D1B72985}.Debug|Any CPU.Build.0 = Debug|Any CPU
		{8064CC77-7B43-42F3-AAF7-23F7D1B72985}.Debug|x64.ActiveCfg = Debug|Any CPU
		{8064CC77-7B43-42F3-AAF7-23F7D1B72985}.Debug|x64.Build.0 = Debug|Any CPU
		{8064CC77-7B43-42F3-AAF7-23F7D1B72985}.Debug|x86.ActiveCfg = Debug|Any CPU
		{8064CC77-7B43-42F3-AAF7-23F7D1B72985}.Debug|x86.Build.0 = Debug|Any CPU
		{8064CC77-7B43-42F3-AAF7-23F7D1B72985}.Release|Any CPU.ActiveCfg = Release|Any CPU
		{8064CC77-7B43-42F3-AAF7-23F7D1B72985}.Release|Any CPU.Build.0 = Release|Any CPU
		{8064CC77-7B43-42F3-AAF7-23F7D1B72985}.Release|x64.ActiveCfg = Release|Any CPU
		{8064CC77-7B43-42F3-AAF7-23F7D1B72985}.Release|x64.Build.0 = Release|Any CPU
		{8064CC77-7B43-42F3-AAF7-23F7D1B72985}.Release|x86.ActiveCfg = Release|Any CPU
		{8064CC77-7B43-42F3-AAF7-23F7D1B72985}.Release|x86.Build.0 = Release|Any CPU
		{2FBF280B-A89C-428E-BD98-97BB79ECDB26}.Debug|Any CPU.ActiveCfg = Debug|Any CPU
		{2FBF280B-A89C-428E-BD98-97BB79ECDB26}.Debug|Any CPU.Build.0 = Debug|Any CPU
		{2FBF280B-A89C-428E-BD98-97BB79ECDB26}.Debug|x64.ActiveCfg = Debug|Any CPU
		{2FBF280B-A89C-428E-BD98-97BB79ECDB26}.Debug|x64.Build.0 = Debug|Any CPU
		{2FBF280B-A89C-428E-BD98-97BB79ECDB26}.Debug|x86.ActiveCfg = Debug|Any CPU
		{2FBF280B-A89C-428E-BD98-97BB79ECDB26}.Debug|x86.Build.0 = Debug|Any CPU
		{2FBF280B-A89C-428E-BD98-97BB79ECDB26}.Release|Any CPU.ActiveCfg = Release|Any CPU
		{2FBF280B-A89C-428E-BD98-97BB79ECDB26}.Release|Any CPU.Build.0 = Release|Any CPU
		{2FBF280B-A89C-428E-BD98-97BB79ECDB26}.Release|x64.ActiveCfg = Release|Any CPU
		{2FBF280B-A89C-428E-BD98-97BB79ECDB26}.Release|x64.Build.0 = Release|Any CPU
		{2FBF280B-A89C-428E-BD98-97BB79ECDB26}.Release|x86.ActiveCfg = Release|Any CPU
		{2FBF280B-A89C-428E-BD98-97BB79ECDB26}.Release|x86.Build.0 = Release|Any CPU
		{AD24E8AB-9456-4FE5-8D8C-708A529B6AE5}.Debug|Any CPU.ActiveCfg = Debug|Any CPU
		{AD24E8AB-9456-4FE5-8D8C-708A529B6AE5}.Debug|Any CPU.Build.0 = Debug|Any CPU
		{AD24E8AB-9456-4FE5-8D8C-708A529B6AE5}.Debug|x64.ActiveCfg = Debug|Any CPU
		{AD24E8AB-9456-4FE5-8D8C-708A529B6AE5}.Debug|x64.Build.0 = Debug|Any CPU
		{AD24E8AB-9456-4FE5-8D8C-708A529B6AE5}.Debug|x86.ActiveCfg = Debug|Any CPU
		{AD24E8AB-9456-4FE5-8D8C-708A529B6AE5}.Debug|x86.Build.0 = Debug|Any CPU
		{AD24E8AB-9456-4FE5-8D8C-708A529B6AE5}.Release|Any CPU.ActiveCfg = Release|Any CPU
		{AD24E8AB-9456-4FE5-8D8C-708A529B6AE5}.Release|Any CPU.Build.0 = Release|Any CPU
		{AD24E8AB-9456-4FE5-8D8C-708A529B6AE5}.Release|x64.ActiveCfg = Release|Any CPU
		{AD24E8AB-9456-4FE5-8D8C-708A529B6AE5}.Release|x64.Build.0 = Release|Any CPU
		{AD24E8AB-9456-4FE5-8D8C-708A529B6AE5}.Release|x86.ActiveCfg = Release|Any CPU
		{AD24E8AB-9456-4FE5-8D8C-708A529B6AE5}.Release|x86.Build.0 = Release|Any CPU
		{1613B322-E46B-44EC-8A35-9B71E5AA5F83}.Debug|Any CPU.ActiveCfg = Debug|Any CPU
		{1613B322-E46B-44EC-8A35-9B71E5AA5F83}.Debug|Any CPU.Build.0 = Debug|Any CPU
		{1613B322-E46B-44EC-8A35-9B71E5AA5F83}.Debug|x64.ActiveCfg = Debug|Any CPU
		{1613B322-E46B-44EC-8A35-9B71E5AA5F83}.Debug|x64.Build.0 = Debug|Any CPU
		{1613B322-E46B-44EC-8A35-9B71E5AA5F83}.Debug|x86.ActiveCfg = Debug|Any CPU
		{1613B322-E46B-44EC-8A35-9B71E5AA5F83}.Debug|x86.Build.0 = Debug|Any CPU
		{1613B322-E46B-44EC-8A35-9B71E5AA5F83}.Release|Any CPU.ActiveCfg = Release|Any CPU
		{1613B322-E46B-44EC-8A35-9B71E5AA5F83}.Release|Any CPU.Build.0 = Release|Any CPU
		{1613B322-E46B-44EC-8A35-9B71E5AA5F83}.Release|x64.ActiveCfg = Release|Any CPU
		{1613B322-E46B-44EC-8A35-9B71E5AA5F83}.Release|x64.Build.0 = Release|Any CPU
		{1613B322-E46B-44EC-8A35-9B71E5AA5F83}.Release|x86.ActiveCfg = Release|Any CPU
		{1613B322-E46B-44EC-8A35-9B71E5AA5F83}.Release|x86.Build.0 = Release|Any CPU
		{6DAC89FD-825A-4A33-B21E-BD5563ADB3CB}.Debug|Any CPU.ActiveCfg = Debug|Any CPU
		{6DAC89FD-825A-4A33-B21E-BD5563ADB3CB}.Debug|Any CPU.Build.0 = Debug|Any CPU
		{6DAC89FD-825A-4A33-B21E-BD5563ADB3CB}.Debug|x64.ActiveCfg = Debug|Any CPU
		{6DAC89FD-825A-4A33-B21E-BD5563ADB3CB}.Debug|x64.Build.0 = Debug|Any CPU
		{6DAC89FD-825A-4A33-B21E-BD5563ADB3CB}.Debug|x86.ActiveCfg = Debug|Any CPU
		{6DAC89FD-825A-4A33-B21E-BD5563ADB3CB}.Debug|x86.Build.0 = Debug|Any CPU
		{6DAC89FD-825A-4A33-B21E-BD5563ADB3CB}.Release|Any CPU.ActiveCfg = Release|Any CPU
		{6DAC89FD-825A-4A33-B21E-BD5563ADB3CB}.Release|Any CPU.Build.0 = Release|Any CPU
		{6DAC89FD-825A-4A33-B21E-BD5563ADB3CB}.Release|x64.ActiveCfg = Release|Any CPU
		{6DAC89FD-825A-4A33-B21E-BD5563ADB3CB}.Release|x64.Build.0 = Release|Any CPU
		{6DAC89FD-825A-4A33-B21E-BD5563ADB3CB}.Release|x86.ActiveCfg = Release|Any CPU
		{6DAC89FD-825A-4A33-B21E-BD5563ADB3CB}.Release|x86.Build.0 = Release|Any CPU
		{CED1D7FE-3F1C-4B5E-B876-AB86C7CCF9AC}.Debug|Any CPU.ActiveCfg = Debug|Any CPU
		{CED1D7FE-3F1C-4B5E-B876-AB86C7CCF9AC}.Debug|Any CPU.Build.0 = Debug|Any CPU
		{CED1D7FE-3F1C-4B5E-B876-AB86C7CCF9AC}.Debug|x64.ActiveCfg = Debug|Any CPU
		{CED1D7FE-3F1C-4B5E-B876-AB86C7CCF9AC}.Debug|x64.Build.0 = Debug|Any CPU
		{CED1D7FE-3F1C-4B5E-B876-AB86C7CCF9AC}.Debug|x86.ActiveCfg = Debug|Any CPU
		{CED1D7FE-3F1C-4B5E-B876-AB86C7CCF9AC}.Debug|x86.Build.0 = Debug|Any CPU
		{CED1D7FE-3F1C-4B5E-B876-AB86C7CCF9AC}.Release|Any CPU.ActiveCfg = Release|Any CPU
		{CED1D7FE-3F1C-4B5E-B876-AB86C7CCF9AC}.Release|Any CPU.Build.0 = Release|Any CPU
		{CED1D7FE-3F1C-4B5E-B876-AB86C7CCF9AC}.Release|x64.ActiveCfg = Release|Any CPU
		{CED1D7FE-3F1C-4B5E-B876-AB86C7CCF9AC}.Release|x64.Build.0 = Release|Any CPU
		{CED1D7FE-3F1C-4B5E-B876-AB86C7CCF9AC}.Release|x86.ActiveCfg = Release|Any CPU
		{CED1D7FE-3F1C-4B5E-B876-AB86C7CCF9AC}.Release|x86.Build.0 = Release|Any CPU
		{BAF76622-C115-4855-B7EB-F2F64A38CD2B}.Debug|Any CPU.ActiveCfg = Debug|Any CPU
		{BAF76622-C115-4855-B7EB-F2F64A38CD2B}.Debug|Any CPU.Build.0 = Debug|Any CPU
		{BAF76622-C115-4855-B7EB-F2F64A38CD2B}.Debug|x64.ActiveCfg = Debug|Any CPU
		{BAF76622-C115-4855-B7EB-F2F64A38CD2B}.Debug|x64.Build.0 = Debug|Any CPU
		{BAF76622-C115-4855-B7EB-F2F64A38CD2B}.Debug|x86.ActiveCfg = Debug|Any CPU
		{BAF76622-C115-4855-B7EB-F2F64A38CD2B}.Debug|x86.Build.0 = Debug|Any CPU
		{BAF76622-C115-4855-B7EB-F2F64A38CD2B}.Release|Any CPU.ActiveCfg = Release|Any CPU
		{BAF76622-C115-4855-B7EB-F2F64A38CD2B}.Release|Any CPU.Build.0 = Release|Any CPU
		{BAF76622-C115-4855-B7EB-F2F64A38CD2B}.Release|x64.ActiveCfg = Release|Any CPU
		{BAF76622-C115-4855-B7EB-F2F64A38CD2B}.Release|x64.Build.0 = Release|Any CPU
		{BAF76622-C115-4855-B7EB-F2F64A38CD2B}.Release|x86.ActiveCfg = Release|Any CPU
		{BAF76622-C115-4855-B7EB-F2F64A38CD2B}.Release|x86.Build.0 = Release|Any CPU
		{F351BCF5-D410-46BE-A388-55ED3E7A316B}.Debug|Any CPU.ActiveCfg = Debug|Any CPU
		{F351BCF5-D410-46BE-A388-55ED3E7A316B}.Debug|Any CPU.Build.0 = Debug|Any CPU
		{F351BCF5-D410-46BE-A388-55ED3E7A316B}.Debug|x64.ActiveCfg = Debug|Any CPU
		{F351BCF5-D410-46BE-A388-55ED3E7A316B}.Debug|x64.Build.0 = Debug|Any CPU
		{F351BCF5-D410-46BE-A388-55ED3E7A316B}.Debug|x86.ActiveCfg = Debug|Any CPU
		{F351BCF5-D410-46BE-A388-55ED3E7A316B}.Debug|x86.Build.0 = Debug|Any CPU
		{F351BCF5-D410-46BE-A388-55ED3E7A316B}.Release|Any CPU.ActiveCfg = Release|Any CPU
		{F351BCF5-D410-46BE-A388-55ED3E7A316B}.Release|Any CPU.Build.0 = Release|Any CPU
		{F351BCF5-D410-46BE-A388-55ED3E7A316B}.Release|x64.ActiveCfg = Release|Any CPU
		{F351BCF5-D410-46BE-A388-55ED3E7A316B}.Release|x64.Build.0 = Release|Any CPU
		{F351BCF5-D410-46BE-A388-55ED3E7A316B}.Release|x86.ActiveCfg = Release|Any CPU
		{F351BCF5-D410-46BE-A388-55ED3E7A316B}.Release|x86.Build.0 = Release|Any CPU
		{12BCE3B3-8E00-4E61-A7D3-D8BF4AE053C4}.Debug|Any CPU.ActiveCfg = Debug|Any CPU
		{12BCE3B3-8E00-4E61-A7D3-D8BF4AE053C4}.Debug|Any CPU.Build.0 = Debug|Any CPU
		{12BCE3B3-8E00-4E61-A7D3-D8BF4AE053C4}.Debug|x64.ActiveCfg = Debug|Any CPU
		{12BCE3B3-8E00-4E61-A7D3-D8BF4AE053C4}.Debug|x64.Build.0 = Debug|Any CPU
		{12BCE3B3-8E00-4E61-A7D3-D8BF4AE053C4}.Debug|x86.ActiveCfg = Debug|Any CPU
		{12BCE3B3-8E00-4E61-A7D3-D8BF4AE053C4}.Debug|x86.Build.0 = Debug|Any CPU
		{12BCE3B3-8E00-4E61-A7D3-D8BF4AE053C4}.Release|Any CPU.ActiveCfg = Release|Any CPU
		{12BCE3B3-8E00-4E61-A7D3-D8BF4AE053C4}.Release|Any CPU.Build.0 = Release|Any CPU
		{12BCE3B3-8E00-4E61-A7D3-D8BF4AE053C4}.Release|x64.ActiveCfg = Release|Any CPU
		{12BCE3B3-8E00-4E61-A7D3-D8BF4AE053C4}.Release|x64.Build.0 = Release|Any CPU
		{12BCE3B3-8E00-4E61-A7D3-D8BF4AE053C4}.Release|x86.ActiveCfg = Release|Any CPU
		{12BCE3B3-8E00-4E61-A7D3-D8BF4AE053C4}.Release|x86.Build.0 = Release|Any CPU
		{A4F569C7-A243-46F7-AF29-79A1DF97B4FB}.Debug|Any CPU.ActiveCfg = Debug|Any CPU
		{A4F569C7-A243-46F7-AF29-79A1DF97B4FB}.Debug|Any CPU.Build.0 = Debug|Any CPU
		{A4F569C7-A243-46F7-AF29-79A1DF97B4FB}.Debug|x64.ActiveCfg = Debug|Any CPU
		{A4F569C7-A243-46F7-AF29-79A1DF97B4FB}.Debug|x64.Build.0 = Debug|Any CPU
		{A4F569C7-A243-46F7-AF29-79A1DF97B4FB}.Debug|x86.ActiveCfg = Debug|Any CPU
		{A4F569C7-A243-46F7-AF29-79A1DF97B4FB}.Debug|x86.Build.0 = Debug|Any CPU
		{A4F569C7-A243-46F7-AF29-79A1DF97B4FB}.Release|Any CPU.ActiveCfg = Release|Any CPU
		{A4F569C7-A243-46F7-AF29-79A1DF97B4FB}.Release|Any CPU.Build.0 = Release|Any CPU
		{A4F569C7-A243-46F7-AF29-79A1DF97B4FB}.Release|x64.ActiveCfg = Release|Any CPU
		{A4F569C7-A243-46F7-AF29-79A1DF97B4FB}.Release|x64.Build.0 = Release|Any CPU
		{A4F569C7-A243-46F7-AF29-79A1DF97B4FB}.Release|x86.ActiveCfg = Release|Any CPU
		{A4F569C7-A243-46F7-AF29-79A1DF97B4FB}.Release|x86.Build.0 = Release|Any CPU
		{CDE1DD67-5939-4C31-B33D-0C9F048C7A97}.Debug|Any CPU.ActiveCfg = Debug|Any CPU
		{CDE1DD67-5939-4C31-B33D-0C9F048C7A97}.Debug|Any CPU.Build.0 = Debug|Any CPU
		{CDE1DD67-5939-4C31-B33D-0C9F048C7A97}.Debug|x64.ActiveCfg = Debug|Any CPU
		{CDE1DD67-5939-4C31-B33D-0C9F048C7A97}.Debug|x64.Build.0 = Debug|Any CPU
		{CDE1DD67-5939-4C31-B33D-0C9F048C7A97}.Debug|x86.ActiveCfg = Debug|Any CPU
		{CDE1DD67-5939-4C31-B33D-0C9F048C7A97}.Debug|x86.Build.0 = Debug|Any CPU
		{CDE1DD67-5939-4C31-B33D-0C9F048C7A97}.Release|Any CPU.ActiveCfg = Release|Any CPU
		{CDE1DD67-5939-4C31-B33D-0C9F048C7A97}.Release|Any CPU.Build.0 = Release|Any CPU
		{CDE1DD67-5939-4C31-B33D-0C9F048C7A97}.Release|x64.ActiveCfg = Release|Any CPU
		{CDE1DD67-5939-4C31-B33D-0C9F048C7A97}.Release|x64.Build.0 = Release|Any CPU
		{CDE1DD67-5939-4C31-B33D-0C9F048C7A97}.Release|x86.ActiveCfg = Release|Any CPU
		{CDE1DD67-5939-4C31-B33D-0C9F048C7A97}.Release|x86.Build.0 = Release|Any CPU
		{57E8771D-A3BC-4544-9BFD-9E4747676FA8}.Debug|Any CPU.ActiveCfg = Debug|Any CPU
		{57E8771D-A3BC-4544-9BFD-9E4747676FA8}.Debug|Any CPU.Build.0 = Debug|Any CPU
		{57E8771D-A3BC-4544-9BFD-9E4747676FA8}.Debug|x64.ActiveCfg = Debug|Any CPU
		{57E8771D-A3BC-4544-9BFD-9E4747676FA8}.Debug|x64.Build.0 = Debug|Any CPU
		{57E8771D-A3BC-4544-9BFD-9E4747676FA8}.Debug|x86.ActiveCfg = Debug|Any CPU
		{57E8771D-A3BC-4544-9BFD-9E4747676FA8}.Debug|x86.Build.0 = Debug|Any CPU
		{57E8771D-A3BC-4544-9BFD-9E4747676FA8}.Release|Any CPU.ActiveCfg = Release|Any CPU
		{57E8771D-A3BC-4544-9BFD-9E4747676FA8}.Release|Any CPU.Build.0 = Release|Any CPU
		{57E8771D-A3BC-4544-9BFD-9E4747676FA8}.Release|x64.ActiveCfg = Release|Any CPU
		{57E8771D-A3BC-4544-9BFD-9E4747676FA8}.Release|x64.Build.0 = Release|Any CPU
		{57E8771D-A3BC-4544-9BFD-9E4747676FA8}.Release|x86.ActiveCfg = Release|Any CPU
		{57E8771D-A3BC-4544-9BFD-9E4747676FA8}.Release|x86.Build.0 = Release|Any CPU
		{2AE30B8F-8F6A-4421-A9E3-7C9D54967959}.Debug|Any CPU.ActiveCfg = Debug|Any CPU
		{2AE30B8F-8F6A-4421-A9E3-7C9D54967959}.Debug|Any CPU.Build.0 = Debug|Any CPU
		{2AE30B8F-8F6A-4421-A9E3-7C9D54967959}.Debug|x64.ActiveCfg = Debug|Any CPU
		{2AE30B8F-8F6A-4421-A9E3-7C9D54967959}.Debug|x64.Build.0 = Debug|Any CPU
		{2AE30B8F-8F6A-4421-A9E3-7C9D54967959}.Debug|x86.ActiveCfg = Debug|Any CPU
		{2AE30B8F-8F6A-4421-A9E3-7C9D54967959}.Debug|x86.Build.0 = Debug|Any CPU
		{2AE30B8F-8F6A-4421-A9E3-7C9D54967959}.Release|Any CPU.ActiveCfg = Release|Any CPU
		{2AE30B8F-8F6A-4421-A9E3-7C9D54967959}.Release|Any CPU.Build.0 = Release|Any CPU
		{2AE30B8F-8F6A-4421-A9E3-7C9D54967959}.Release|x64.ActiveCfg = Release|Any CPU
		{2AE30B8F-8F6A-4421-A9E3-7C9D54967959}.Release|x64.Build.0 = Release|Any CPU
		{2AE30B8F-8F6A-4421-A9E3-7C9D54967959}.Release|x86.ActiveCfg = Release|Any CPU
		{2AE30B8F-8F6A-4421-A9E3-7C9D54967959}.Release|x86.Build.0 = Release|Any CPU
		{5ABF8ECE-9D39-4F28-BC77-601A62EE3DF5}.Debug|Any CPU.ActiveCfg = Debug|Any CPU
		{5ABF8ECE-9D39-4F28-BC77-601A62EE3DF5}.Debug|Any CPU.Build.0 = Debug|Any CPU
		{5ABF8ECE-9D39-4F28-BC77-601A62EE3DF5}.Debug|x64.ActiveCfg = Debug|Any CPU
		{5ABF8ECE-9D39-4F28-BC77-601A62EE3DF5}.Debug|x64.Build.0 = Debug|Any CPU
		{5ABF8ECE-9D39-4F28-BC77-601A62EE3DF5}.Debug|x86.ActiveCfg = Debug|Any CPU
		{5ABF8ECE-9D39-4F28-BC77-601A62EE3DF5}.Debug|x86.Build.0 = Debug|Any CPU
		{5ABF8ECE-9D39-4F28-BC77-601A62EE3DF5}.Release|Any CPU.ActiveCfg = Release|Any CPU
		{5ABF8ECE-9D39-4F28-BC77-601A62EE3DF5}.Release|Any CPU.Build.0 = Release|Any CPU
		{5ABF8ECE-9D39-4F28-BC77-601A62EE3DF5}.Release|x64.ActiveCfg = Release|Any CPU
		{5ABF8ECE-9D39-4F28-BC77-601A62EE3DF5}.Release|x64.Build.0 = Release|Any CPU
		{5ABF8ECE-9D39-4F28-BC77-601A62EE3DF5}.Release|x86.ActiveCfg = Release|Any CPU
		{5ABF8ECE-9D39-4F28-BC77-601A62EE3DF5}.Release|x86.Build.0 = Release|Any CPU
		{E9EB7B4C-6CDF-43CF-9424-F849148423C8}.Debug|Any CPU.ActiveCfg = Debug|Any CPU
		{E9EB7B4C-6CDF-43CF-9424-F849148423C8}.Debug|Any CPU.Build.0 = Debug|Any CPU
		{E9EB7B4C-6CDF-43CF-9424-F849148423C8}.Debug|x64.ActiveCfg = Debug|Any CPU
		{E9EB7B4C-6CDF-43CF-9424-F849148423C8}.Debug|x64.Build.0 = Debug|Any CPU
		{E9EB7B4C-6CDF-43CF-9424-F849148423C8}.Debug|x86.ActiveCfg = Debug|Any CPU
		{E9EB7B4C-6CDF-43CF-9424-F849148423C8}.Debug|x86.Build.0 = Debug|Any CPU
		{E9EB7B4C-6CDF-43CF-9424-F849148423C8}.Release|Any CPU.ActiveCfg = Release|Any CPU
		{E9EB7B4C-6CDF-43CF-9424-F849148423C8}.Release|Any CPU.Build.0 = Release|Any CPU
		{E9EB7B4C-6CDF-43CF-9424-F849148423C8}.Release|x64.ActiveCfg = Release|Any CPU
		{E9EB7B4C-6CDF-43CF-9424-F849148423C8}.Release|x64.Build.0 = Release|Any CPU
		{E9EB7B4C-6CDF-43CF-9424-F849148423C8}.Release|x86.ActiveCfg = Release|Any CPU
		{E9EB7B4C-6CDF-43CF-9424-F849148423C8}.Release|x86.Build.0 = Release|Any CPU
		{4BFAE789-089F-4145-9AB5-E3525883DC32}.Debug|Any CPU.ActiveCfg = Debug|Any CPU
		{4BFAE789-089F-4145-9AB5-E3525883DC32}.Debug|Any CPU.Build.0 = Debug|Any CPU
		{4BFAE789-089F-4145-9AB5-E3525883DC32}.Debug|x64.ActiveCfg = Debug|Any CPU
		{4BFAE789-089F-4145-9AB5-E3525883DC32}.Debug|x64.Build.0 = Debug|Any CPU
		{4BFAE789-089F-4145-9AB5-E3525883DC32}.Debug|x86.ActiveCfg = Debug|Any CPU
		{4BFAE789-089F-4145-9AB5-E3525883DC32}.Debug|x86.Build.0 = Debug|Any CPU
		{4BFAE789-089F-4145-9AB5-E3525883DC32}.Release|Any CPU.ActiveCfg = Release|Any CPU
		{4BFAE789-089F-4145-9AB5-E3525883DC32}.Release|Any CPU.Build.0 = Release|Any CPU
		{4BFAE789-089F-4145-9AB5-E3525883DC32}.Release|x64.ActiveCfg = Release|Any CPU
		{4BFAE789-089F-4145-9AB5-E3525883DC32}.Release|x64.Build.0 = Release|Any CPU
		{4BFAE789-089F-4145-9AB5-E3525883DC32}.Release|x86.ActiveCfg = Release|Any CPU
		{4BFAE789-089F-4145-9AB5-E3525883DC32}.Release|x86.Build.0 = Release|Any CPU
		{152894DF-D502-405F-8BD5-1DB34FC096A3}.Debug|Any CPU.ActiveCfg = Debug|Any CPU
		{152894DF-D502-405F-8BD5-1DB34FC096A3}.Debug|Any CPU.Build.0 = Debug|Any CPU
		{152894DF-D502-405F-8BD5-1DB34FC096A3}.Debug|x64.ActiveCfg = Debug|Any CPU
		{152894DF-D502-405F-8BD5-1DB34FC096A3}.Debug|x64.Build.0 = Debug|Any CPU
		{152894DF-D502-405F-8BD5-1DB34FC096A3}.Debug|x86.ActiveCfg = Debug|Any CPU
		{152894DF-D502-405F-8BD5-1DB34FC096A3}.Debug|x86.Build.0 = Debug|Any CPU
		{152894DF-D502-405F-8BD5-1DB34FC096A3}.Release|Any CPU.ActiveCfg = Release|Any CPU
		{152894DF-D502-405F-8BD5-1DB34FC096A3}.Release|Any CPU.Build.0 = Release|Any CPU
		{152894DF-D502-405F-8BD5-1DB34FC096A3}.Release|x64.ActiveCfg = Release|Any CPU
		{152894DF-D502-405F-8BD5-1DB34FC096A3}.Release|x64.Build.0 = Release|Any CPU
		{152894DF-D502-405F-8BD5-1DB34FC096A3}.Release|x86.ActiveCfg = Release|Any CPU
		{152894DF-D502-405F-8BD5-1DB34FC096A3}.Release|x86.Build.0 = Release|Any CPU
		{038B7BB8-F08B-4174-955C-D0F3F908C1A5}.Debug|Any CPU.ActiveCfg = Debug|Any CPU
		{038B7BB8-F08B-4174-955C-D0F3F908C1A5}.Debug|Any CPU.Build.0 = Debug|Any CPU
		{038B7BB8-F08B-4174-955C-D0F3F908C1A5}.Debug|x64.ActiveCfg = Debug|Any CPU
		{038B7BB8-F08B-4174-955C-D0F3F908C1A5}.Debug|x64.Build.0 = Debug|Any CPU
		{038B7BB8-F08B-4174-955C-D0F3F908C1A5}.Debug|x86.ActiveCfg = Debug|Any CPU
		{038B7BB8-F08B-4174-955C-D0F3F908C1A5}.Debug|x86.Build.0 = Debug|Any CPU
		{038B7BB8-F08B-4174-955C-D0F3F908C1A5}.Release|Any CPU.ActiveCfg = Release|Any CPU
		{038B7BB8-F08B-4174-955C-D0F3F908C1A5}.Release|Any CPU.Build.0 = Release|Any CPU
		{038B7BB8-F08B-4174-955C-D0F3F908C1A5}.Release|x64.ActiveCfg = Release|Any CPU
		{038B7BB8-F08B-4174-955C-D0F3F908C1A5}.Release|x64.Build.0 = Release|Any CPU
		{038B7BB8-F08B-4174-955C-D0F3F908C1A5}.Release|x86.ActiveCfg = Release|Any CPU
		{038B7BB8-F08B-4174-955C-D0F3F908C1A5}.Release|x86.Build.0 = Release|Any CPU
		{E99BF535-5682-401A-B9B5-9D753B8AD3C7}.Debug|Any CPU.ActiveCfg = Debug|Any CPU
		{E99BF535-5682-401A-B9B5-9D753B8AD3C7}.Debug|Any CPU.Build.0 = Debug|Any CPU
		{E99BF535-5682-401A-B9B5-9D753B8AD3C7}.Debug|x64.ActiveCfg = Debug|Any CPU
		{E99BF535-5682-401A-B9B5-9D753B8AD3C7}.Debug|x64.Build.0 = Debug|Any CPU
		{E99BF535-5682-401A-B9B5-9D753B8AD3C7}.Debug|x86.ActiveCfg = Debug|Any CPU
		{E99BF535-5682-401A-B9B5-9D753B8AD3C7}.Debug|x86.Build.0 = Debug|Any CPU
		{E99BF535-5682-401A-B9B5-9D753B8AD3C7}.Release|Any CPU.ActiveCfg = Release|Any CPU
		{E99BF535-5682-401A-B9B5-9D753B8AD3C7}.Release|Any CPU.Build.0 = Release|Any CPU
		{E99BF535-5682-401A-B9B5-9D753B8AD3C7}.Release|x64.ActiveCfg = Release|Any CPU
		{E99BF535-5682-401A-B9B5-9D753B8AD3C7}.Release|x64.Build.0 = Release|Any CPU
		{E99BF535-5682-401A-B9B5-9D753B8AD3C7}.Release|x86.ActiveCfg = Release|Any CPU
		{E99BF535-5682-401A-B9B5-9D753B8AD3C7}.Release|x86.Build.0 = Release|Any CPU
		{0FB85773-6ABD-4596-A804-F48E936CAC1B}.Debug|Any CPU.ActiveCfg = Debug|Any CPU
		{0FB85773-6ABD-4596-A804-F48E936CAC1B}.Debug|Any CPU.Build.0 = Debug|Any CPU
		{0FB85773-6ABD-4596-A804-F48E936CAC1B}.Debug|x64.ActiveCfg = Debug|Any CPU
		{0FB85773-6ABD-4596-A804-F48E936CAC1B}.Debug|x64.Build.0 = Debug|Any CPU
		{0FB85773-6ABD-4596-A804-F48E936CAC1B}.Debug|x86.ActiveCfg = Debug|Any CPU
		{0FB85773-6ABD-4596-A804-F48E936CAC1B}.Debug|x86.Build.0 = Debug|Any CPU
		{0FB85773-6ABD-4596-A804-F48E936CAC1B}.Release|Any CPU.ActiveCfg = Release|Any CPU
		{0FB85773-6ABD-4596-A804-F48E936CAC1B}.Release|Any CPU.Build.0 = Release|Any CPU
		{0FB85773-6ABD-4596-A804-F48E936CAC1B}.Release|x64.ActiveCfg = Release|Any CPU
		{0FB85773-6ABD-4596-A804-F48E936CAC1B}.Release|x64.Build.0 = Release|Any CPU
		{0FB85773-6ABD-4596-A804-F48E936CAC1B}.Release|x86.ActiveCfg = Release|Any CPU
		{0FB85773-6ABD-4596-A804-F48E936CAC1B}.Release|x86.Build.0 = Release|Any CPU
		{65B15D04-53C5-44AD-ABB9-3CCCC5979B5E}.Debug|Any CPU.ActiveCfg = Debug|Any CPU
		{65B15D04-53C5-44AD-ABB9-3CCCC5979B5E}.Debug|Any CPU.Build.0 = Debug|Any CPU
		{65B15D04-53C5-44AD-ABB9-3CCCC5979B5E}.Debug|x64.ActiveCfg = Debug|Any CPU
		{65B15D04-53C5-44AD-ABB9-3CCCC5979B5E}.Debug|x64.Build.0 = Debug|Any CPU
		{65B15D04-53C5-44AD-ABB9-3CCCC5979B5E}.Debug|x86.ActiveCfg = Debug|Any CPU
		{65B15D04-53C5-44AD-ABB9-3CCCC5979B5E}.Debug|x86.Build.0 = Debug|Any CPU
		{65B15D04-53C5-44AD-ABB9-3CCCC5979B5E}.Release|Any CPU.ActiveCfg = Release|Any CPU
		{65B15D04-53C5-44AD-ABB9-3CCCC5979B5E}.Release|Any CPU.Build.0 = Release|Any CPU
		{65B15D04-53C5-44AD-ABB9-3CCCC5979B5E}.Release|x64.ActiveCfg = Release|Any CPU
		{65B15D04-53C5-44AD-ABB9-3CCCC5979B5E}.Release|x64.Build.0 = Release|Any CPU
		{65B15D04-53C5-44AD-ABB9-3CCCC5979B5E}.Release|x86.ActiveCfg = Release|Any CPU
		{65B15D04-53C5-44AD-ABB9-3CCCC5979B5E}.Release|x86.Build.0 = Release|Any CPU
		{4296896B-246C-4202-8B89-2AC47003A7A1}.Debug|Any CPU.ActiveCfg = Debug|Any CPU
		{4296896B-246C-4202-8B89-2AC47003A7A1}.Debug|Any CPU.Build.0 = Debug|Any CPU
		{4296896B-246C-4202-8B89-2AC47003A7A1}.Debug|x64.ActiveCfg = Debug|Any CPU
		{4296896B-246C-4202-8B89-2AC47003A7A1}.Debug|x64.Build.0 = Debug|Any CPU
		{4296896B-246C-4202-8B89-2AC47003A7A1}.Debug|x86.ActiveCfg = Debug|Any CPU
		{4296896B-246C-4202-8B89-2AC47003A7A1}.Debug|x86.Build.0 = Debug|Any CPU
		{4296896B-246C-4202-8B89-2AC47003A7A1}.Release|Any CPU.ActiveCfg = Release|Any CPU
		{4296896B-246C-4202-8B89-2AC47003A7A1}.Release|Any CPU.Build.0 = Release|Any CPU
		{4296896B-246C-4202-8B89-2AC47003A7A1}.Release|x64.ActiveCfg = Release|Any CPU
		{4296896B-246C-4202-8B89-2AC47003A7A1}.Release|x64.Build.0 = Release|Any CPU
		{4296896B-246C-4202-8B89-2AC47003A7A1}.Release|x86.ActiveCfg = Release|Any CPU
		{4296896B-246C-4202-8B89-2AC47003A7A1}.Release|x86.Build.0 = Release|Any CPU
		{2E64E0DB-94FD-45AB-9C76-1677D1964CD9}.Debug|Any CPU.ActiveCfg = Debug|Any CPU
		{2E64E0DB-94FD-45AB-9C76-1677D1964CD9}.Debug|Any CPU.Build.0 = Debug|Any CPU
		{2E64E0DB-94FD-45AB-9C76-1677D1964CD9}.Debug|x64.ActiveCfg = Debug|Any CPU
		{2E64E0DB-94FD-45AB-9C76-1677D1964CD9}.Debug|x64.Build.0 = Debug|Any CPU
		{2E64E0DB-94FD-45AB-9C76-1677D1964CD9}.Debug|x86.ActiveCfg = Debug|Any CPU
		{2E64E0DB-94FD-45AB-9C76-1677D1964CD9}.Debug|x86.Build.0 = Debug|Any CPU
		{2E64E0DB-94FD-45AB-9C76-1677D1964CD9}.Release|Any CPU.ActiveCfg = Release|Any CPU
		{2E64E0DB-94FD-45AB-9C76-1677D1964CD9}.Release|Any CPU.Build.0 = Release|Any CPU
		{2E64E0DB-94FD-45AB-9C76-1677D1964CD9}.Release|x64.ActiveCfg = Release|Any CPU
		{2E64E0DB-94FD-45AB-9C76-1677D1964CD9}.Release|x64.Build.0 = Release|Any CPU
		{2E64E0DB-94FD-45AB-9C76-1677D1964CD9}.Release|x86.ActiveCfg = Release|Any CPU
		{2E64E0DB-94FD-45AB-9C76-1677D1964CD9}.Release|x86.Build.0 = Release|Any CPU
		{0FB6A45B-7A9B-4013-852B-ED808E02A1AB}.Debug|Any CPU.ActiveCfg = Debug|Any CPU
		{0FB6A45B-7A9B-4013-852B-ED808E02A1AB}.Debug|Any CPU.Build.0 = Debug|Any CPU
		{0FB6A45B-7A9B-4013-852B-ED808E02A1AB}.Debug|x64.ActiveCfg = Debug|Any CPU
		{0FB6A45B-7A9B-4013-852B-ED808E02A1AB}.Debug|x64.Build.0 = Debug|Any CPU
		{0FB6A45B-7A9B-4013-852B-ED808E02A1AB}.Debug|x86.ActiveCfg = Debug|Any CPU
		{0FB6A45B-7A9B-4013-852B-ED808E02A1AB}.Debug|x86.Build.0 = Debug|Any CPU
		{0FB6A45B-7A9B-4013-852B-ED808E02A1AB}.Release|Any CPU.ActiveCfg = Release|Any CPU
		{0FB6A45B-7A9B-4013-852B-ED808E02A1AB}.Release|Any CPU.Build.0 = Release|Any CPU
		{0FB6A45B-7A9B-4013-852B-ED808E02A1AB}.Release|x64.ActiveCfg = Release|Any CPU
		{0FB6A45B-7A9B-4013-852B-ED808E02A1AB}.Release|x64.Build.0 = Release|Any CPU
		{0FB6A45B-7A9B-4013-852B-ED808E02A1AB}.Release|x86.ActiveCfg = Release|Any CPU
		{0FB6A45B-7A9B-4013-852B-ED808E02A1AB}.Release|x86.Build.0 = Release|Any CPU
		{01FD6E8D-DB20-41E5-83C1-9305CC36D8C7}.Debug|Any CPU.ActiveCfg = Debug|Any CPU
		{01FD6E8D-DB20-41E5-83C1-9305CC36D8C7}.Debug|Any CPU.Build.0 = Debug|Any CPU
		{01FD6E8D-DB20-41E5-83C1-9305CC36D8C7}.Debug|x64.ActiveCfg = Debug|Any CPU
		{01FD6E8D-DB20-41E5-83C1-9305CC36D8C7}.Debug|x64.Build.0 = Debug|Any CPU
		{01FD6E8D-DB20-41E5-83C1-9305CC36D8C7}.Debug|x86.ActiveCfg = Debug|Any CPU
		{01FD6E8D-DB20-41E5-83C1-9305CC36D8C7}.Debug|x86.Build.0 = Debug|Any CPU
		{01FD6E8D-DB20-41E5-83C1-9305CC36D8C7}.Release|Any CPU.ActiveCfg = Release|Any CPU
		{01FD6E8D-DB20-41E5-83C1-9305CC36D8C7}.Release|Any CPU.Build.0 = Release|Any CPU
		{01FD6E8D-DB20-41E5-83C1-9305CC36D8C7}.Release|x64.ActiveCfg = Release|Any CPU
		{01FD6E8D-DB20-41E5-83C1-9305CC36D8C7}.Release|x64.Build.0 = Release|Any CPU
		{01FD6E8D-DB20-41E5-83C1-9305CC36D8C7}.Release|x86.ActiveCfg = Release|Any CPU
		{01FD6E8D-DB20-41E5-83C1-9305CC36D8C7}.Release|x86.Build.0 = Release|Any CPU
		{567F62BB-1648-46EF-8166-4CDFAF7F5640}.Debug|Any CPU.ActiveCfg = Debug|Any CPU
		{567F62BB-1648-46EF-8166-4CDFAF7F5640}.Debug|Any CPU.Build.0 = Debug|Any CPU
		{567F62BB-1648-46EF-8166-4CDFAF7F5640}.Debug|x64.ActiveCfg = Debug|Any CPU
		{567F62BB-1648-46EF-8166-4CDFAF7F5640}.Debug|x64.Build.0 = Debug|Any CPU
		{567F62BB-1648-46EF-8166-4CDFAF7F5640}.Debug|x86.ActiveCfg = Debug|Any CPU
		{567F62BB-1648-46EF-8166-4CDFAF7F5640}.Debug|x86.Build.0 = Debug|Any CPU
		{567F62BB-1648-46EF-8166-4CDFAF7F5640}.Release|Any CPU.ActiveCfg = Release|Any CPU
		{567F62BB-1648-46EF-8166-4CDFAF7F5640}.Release|Any CPU.Build.0 = Release|Any CPU
		{567F62BB-1648-46EF-8166-4CDFAF7F5640}.Release|x64.ActiveCfg = Release|Any CPU
		{567F62BB-1648-46EF-8166-4CDFAF7F5640}.Release|x64.Build.0 = Release|Any CPU
		{567F62BB-1648-46EF-8166-4CDFAF7F5640}.Release|x86.ActiveCfg = Release|Any CPU
		{567F62BB-1648-46EF-8166-4CDFAF7F5640}.Release|x86.Build.0 = Release|Any CPU
		{1384E17D-A88E-4088-B996-0B6D5653E8B4}.Debug|Any CPU.ActiveCfg = Debug|Any CPU
		{1384E17D-A88E-4088-B996-0B6D5653E8B4}.Debug|Any CPU.Build.0 = Debug|Any CPU
		{1384E17D-A88E-4088-B996-0B6D5653E8B4}.Debug|x64.ActiveCfg = Debug|Any CPU
		{1384E17D-A88E-4088-B996-0B6D5653E8B4}.Debug|x64.Build.0 = Debug|Any CPU
		{1384E17D-A88E-4088-B996-0B6D5653E8B4}.Debug|x86.ActiveCfg = Debug|Any CPU
		{1384E17D-A88E-4088-B996-0B6D5653E8B4}.Debug|x86.Build.0 = Debug|Any CPU
		{1384E17D-A88E-4088-B996-0B6D5653E8B4}.Release|Any CPU.ActiveCfg = Release|Any CPU
		{1384E17D-A88E-4088-B996-0B6D5653E8B4}.Release|Any CPU.Build.0 = Release|Any CPU
		{1384E17D-A88E-4088-B996-0B6D5653E8B4}.Release|x64.ActiveCfg = Release|Any CPU
		{1384E17D-A88E-4088-B996-0B6D5653E8B4}.Release|x64.Build.0 = Release|Any CPU
		{1384E17D-A88E-4088-B996-0B6D5653E8B4}.Release|x86.ActiveCfg = Release|Any CPU
		{1384E17D-A88E-4088-B996-0B6D5653E8B4}.Release|x86.Build.0 = Release|Any CPU
	EndGlobalSection
	GlobalSection(SolutionProperties) = preSolution
		HideSolutionNode = FALSE
	EndGlobalSection
	GlobalSection(NestedProjects) = preSolution
		{984BB9B3-3FA3-BE33-9484-CAC21695A33C} = {827E0CD3-B72D-47B6-A68D-7590B98EB39B}
		{C91C1CF1-1625-0789-F869-53D87D6277BA} = {984BB9B3-3FA3-BE33-9484-CAC21695A33C}
		{CA15E31E-CB60-F235-5CDF-2E527A86A72C} = {984BB9B3-3FA3-BE33-9484-CAC21695A33C}
		{AD24E8AB-9456-4FE5-8D8C-708A529B6AE5} = {CA15E31E-CB60-F235-5CDF-2E527A86A72C}
		{1613B322-E46B-44EC-8A35-9B71E5AA5F83} = {CA15E31E-CB60-F235-5CDF-2E527A86A72C}
		{6DAC89FD-825A-4A33-B21E-BD5563ADB3CB} = {CA15E31E-CB60-F235-5CDF-2E527A86A72C}
		{CED1D7FE-3F1C-4B5E-B876-AB86C7CCF9AC} = {CA15E31E-CB60-F235-5CDF-2E527A86A72C}
		{BAF76622-C115-4855-B7EB-F2F64A38CD2B} = {CA15E31E-CB60-F235-5CDF-2E527A86A72C}
		{B851199A-4979-E597-3D50-97AC5992BBAF} = {984BB9B3-3FA3-BE33-9484-CAC21695A33C}
		{F351BCF5-D410-46BE-A388-55ED3E7A316B} = {B851199A-4979-E597-3D50-97AC5992BBAF}
		{12BCE3B3-8E00-4E61-A7D3-D8BF4AE053C4} = {B851199A-4979-E597-3D50-97AC5992BBAF}
		{A4F569C7-A243-46F7-AF29-79A1DF97B4FB} = {B851199A-4979-E597-3D50-97AC5992BBAF}
		{CDE1DD67-5939-4C31-B33D-0C9F048C7A97} = {B851199A-4979-E597-3D50-97AC5992BBAF}
		{57E8771D-A3BC-4544-9BFD-9E4747676FA8} = {B851199A-4979-E597-3D50-97AC5992BBAF}
		{3FB03296-F262-2760-9861-73C41AF3766C} = {984BB9B3-3FA3-BE33-9484-CAC21695A33C}
		{2AE30B8F-8F6A-4421-A9E3-7C9D54967959} = {3FB03296-F262-2760-9861-73C41AF3766C}
		{5ABF8ECE-9D39-4F28-BC77-601A62EE3DF5} = {3FB03296-F262-2760-9861-73C41AF3766C}
		{E9EB7B4C-6CDF-43CF-9424-F849148423C8} = {3FB03296-F262-2760-9861-73C41AF3766C}
		{4BFAE789-089F-4145-9AB5-E3525883DC32} = {3FB03296-F262-2760-9861-73C41AF3766C}
		{152894DF-D502-405F-8BD5-1DB34FC096A3} = {3FB03296-F262-2760-9861-73C41AF3766C}
		{C5FBE174-8E0F-F5A3-B929-8BD0C55C0A32} = {984BB9B3-3FA3-BE33-9484-CAC21695A33C}
		{038B7BB8-F08B-4174-955C-D0F3F908C1A5} = {C5FBE174-8E0F-F5A3-B929-8BD0C55C0A32}
		{E99BF535-5682-401A-B9B5-9D753B8AD3C7} = {C5FBE174-8E0F-F5A3-B929-8BD0C55C0A32}
		{0FB85773-6ABD-4596-A804-F48E936CAC1B} = {C5FBE174-8E0F-F5A3-B929-8BD0C55C0A32}
		{65B15D04-53C5-44AD-ABB9-3CCCC5979B5E} = {C5FBE174-8E0F-F5A3-B929-8BD0C55C0A32}
		{4296896B-246C-4202-8B89-2AC47003A7A1} = {C5FBE174-8E0F-F5A3-B929-8BD0C55C0A32}
		{4353066B-F410-E540-F593-55E469B78A5F} = {0AB3BF05-4346-4AA6-1389-037BE0695223}
		{C5ADB2C2-D5AC-61D9-C060-9FACC8AEA64C} = {4353066B-F410-E540-F593-55E469B78A5F}
		{2E64E0DB-94FD-45AB-9C76-1677D1964CD9} = {C5ADB2C2-D5AC-61D9-C060-9FACC8AEA64C}
		{0FB6A45B-7A9B-4013-852B-ED808E02A1AB} = {C5ADB2C2-D5AC-61D9-C060-9FACC8AEA64C}
		{B69D1A96-4DB9-15C1-EF8D-9A36E3A47E08} = {4353066B-F410-E540-F593-55E469B78A5F}
		{01FD6E8D-DB20-41E5-83C1-9305CC36D8C7} = {B69D1A96-4DB9-15C1-EF8D-9A36E3A47E08}
		{420765D6-2AA4-52D9-B578-37BFA724B3D2} = {4353066B-F410-E540-F593-55E469B78A5F}
		{567F62BB-1648-46EF-8166-4CDFAF7F5640} = {420765D6-2AA4-52D9-B578-37BFA724B3D2}
		{1384E17D-A88E-4088-B996-0B6D5653E8B4} = {420765D6-2AA4-52D9-B578-37BFA724B3D2}
	EndGlobalSection
EndGlobal
